packages:
  - git: https://github.com/Together-NZ/Impact-CI-hivestack_models.git
    revision: 61442db47b13ad4c6817aba352a95b22b0a471c9
  - git: https://github.com/Together-NZ/Impact-CI-Linkedin_models.git
    revision: 2c3c03caddcf07b33f190ebf0a205226b0860547
  - git: git@github.com:Together-NZ/Impact-CI-reddit_models.git
    revision: 894d0fe81d71cbad55a5e0d8dda3da317521bf5a
  - git: git@github.com:Together-NZ/Impact-CI-ttd_models.git
    revision: 602161d20ec1aec61a2c8b0cd1caa84b3a924919
  - git: git@github.com:Together-NZ/Impact-CI-google_ads_models.git
    revision: d89e2b2587b12875bcad439bcd274379b7a474a1
  - git: https://github.com/Together-NZ/Impact-CI-facebook_models.git
    revision: 7fd343c1855dcb5fea9ababb56eed2a98dfcf927
  - git: https://github.com/Together-NZ/Impact-CI-DV360_models.git
    revision: 4611a42dbde102320f593a85407b79fb1bf2edbd
  - git: https://github.com/Together-NZ/Impact-CI-snapchat_models.git
    revision: a2bf16764466e8242e6f04ea04270c8766c7ac88
  - git: https://github.com/Together-NZ/Impact-CI-Pinterest-models.git
    revision: 9b471a47e4d1cf8534acacd793218ce38a02fc13
  - git: https://github.com/Together-NZ/Impact-CI-tiktok_models.git
    revision: 4660f5b158a4f744eb5214d43af0cba3127fc949
  - git: https://github.com/Together-NZ/Impact-CI-cm360-models.git
    revision: c19c49d457874433aecd7aa988581fe30d5373db
  - git: https://github.com/Together-NZ/Impact-CI-testing_sum.git
    revision: 085cc208375d7672aef4c342b818823a6d43e674
  - git: https://github.com/Together-NZ/Impact-CI-ga4_models.git
    revision: 0afc28aaf49d198793f0a27595aee8960860b44c
  - git: https://github.com/Together-NZ/Impact-CI-dash_table_general_process.git
    revision: 09c092d652c78d05495bb83b367f3f9cc750cd59
sha1_hash: 058fcc7a0d2f92b4f4b691ae09700c7e59a81f48
