packages:
  - git: git@github.com:Together-NZ/Impact-CI-google_ads_models.git
    revision: f3a89d34590a5ee7324b1bc36c07abae6885db9e
  - git: https://github.com/Together-NZ/Impact-CI-testing_sum.git
    revision: 085cc208375d7672aef4c342b818823a6d43e674
  - git: https://github.com/Together-NZ/Impact-CI-ga4_models.git
    revision: eadf02a7c1b857a2a6290eb4cb5d762a0341c4e6
  - git: https://github.com/Together-NZ/Impact-CI-dash_table_general_process.git
    revision: 09c092d652c78d05495bb83b367f3f9cc750cd59
sha1_hash: c12e25b54e90c5a015f7795d994f7de16a2a0bec
