packages:
  - git: https://github.com/Together-NZ/Impact-CI-hivestack_models.git
    revision: 5d255147c00d76f229c68e935b719a1762b19052
  - git: git@github.com:Together-NZ/Impact-CI-ttd_models.git
    revision: da95dd87a4fb08c31c1f43514098e6e348f73aa0
  - git: git@github.com:Together-NZ/Impact-CI-google_ads_models.git
    revision: cbf5ef0c76f16596809a8be896536352ee67e660
  - git: https://github.com/Together-NZ/Impact-CI-facebook_models.git
    revision: a572b16bf3aa86c6894891014e73e644b4927fae
  - git: https://github.com/Together-NZ/Impact-CI-DV360_models.git
    revision: 4611a42dbde102320f593a85407b79fb1bf2edbd
  - git: https://github.com/Together-NZ/Impact-CI-tiktok_models.git
    revision: 893d551ae100c3cdb39917bb30462d1f322b22cf
  - git: https://github.com/Together-NZ/Impact-CI-cm360-models.git
    revision: c19c49d457874433aecd7aa988581fe30d5373db
  - git: https://github.com/Together-NZ/Impact-CI-testing_sum.git
    revision: 085cc208375d7672aef4c342b818823a6d43e674
  - git: https://github.com/Together-NZ/Impact-CI-ga4_models.git
    revision: 7c1d2e4f9b5937389b9777b118c5ca6c1a634dac
  - git: https://github.com/Together-NZ/Impact-CI-dash_table_general_process.git
    revision: 197e1fbfddda9277b87bf8acfcd7ea3770de7813
sha1_hash: 129e2ebcde8d2490435a090f672b9f2c2edd816c
