{
  "version": 4,
  "terraform_version": "1.9.8",
  "serial": 180,
  "lineage": "05e8b88d-c5ec-3fb8-684e-fb09d2509eff",
  "outputs": {},
  "resources": [
    {
      "mode": "managed",
      "type": "google_storage_bucket",
      "name": "tfstate",
      "provider": "provider[\"registry.terraform.io/hashicorp/google\"]",
      "instances": [
        {
          "schema_version": 4,
          "attributes": {
            "autoclass": [],
            "cors": [],
            "custom_placement_config": [],
            "default_event_based_hold": false,
            "effective_labels": {
              "goog-terraform-provisioned": "true"
            },
            "enable_object_retention": false,
            "encryption": [],
            "force_destroy": false,
            "hierarchical_namespace": [
              {
                "enabled": false
              }
            ],
            "id": "kiwibank-tfstate",
            "ip_filter": [],
            "labels": {},
            "lifecycle_rule": [],
            "location": "AUSTRALIA-SOUTHEAST1",
            "logging": [],
            "name": "kiwibank-tfstate",
            "project": "kiwibank-main",
            "project_number": 725940048906,
            "public_access_prevention": "inherited",
            "requester_pays": false,
            "retention_policy": [],
            "rpo": null,
            "self_link": "https://www.googleapis.com/storage/v1/b/kiwibank-tfstate",
            "soft_delete_policy": [
              {
                "effective_time": "2026-04-02T08:31:33.983Z",
                "retention_duration_seconds": 604800
              }
            ],
            "storage_class": "STANDARD",
            "terraform_labels": {
              "goog-terraform-provisioned": "true"
            },
            "time_created": "2026-04-02T08:31:33.983Z",
            "timeouts": null,
            "uniform_bucket_level_access": false,
            "updated": "2026-04-02T08:31:33.983Z",
            "url": "gs://kiwibank-tfstate",
            "versioning": [
              {
                "enabled": true
              }
            ],
            "website": []
          },
          "sensitive_attributes": [],
          "private": "eyJlMmJmYjczMC1lY2FhLTExZTYtOGY4OC0zNDM2M2JjN2M0YzAiOnsiY3JlYXRlIjo2MDAwMDAwMDAwMDAsInJlYWQiOjI0MDAwMDAwMDAwMCwidXBkYXRlIjoyNDAwMDAwMDAwMDB9LCJzY2hlbWFfdmVyc2lvbiI6IjQifQ=="
        }
      ]
    },
    {
      "module": "module.bigquerydataset",
      "mode": "managed",
      "type": "google_bigquery_dataset",
      "name": "dash_table",
      "provider": "provider[\"registry.terraform.io/hashicorp/google\"]",
      "instances": [
        {
          "schema_version": 0,
          "attributes": {
            "access": [
              {
                "condition": [],
                "dataset": [],
                "domain": "",
                "group_by_email": "",
                "iam_member": "",
                "role": "OWNER",
                "routine": [],
                "special_group": "",
                "user_by_email": "peter@wearetogether.co.nz",
                "view": []
              },
              {
                "condition": [],
                "dataset": [],
                "domain": "",
                "group_by_email": "",
                "iam_member": "",
                "role": "OWNER",
                "routine": [],
                "special_group": "projectOwners",
                "user_by_email": "",
                "view": []
              },
              {
                "condition": [],
                "dataset": [],
                "domain": "",
                "group_by_email": "",
                "iam_member": "",
                "role": "READER",
                "routine": [],
                "special_group": "projectReaders",
                "user_by_email": "",
                "view": []
              },
              {
                "condition": [],
                "dataset": [],
                "domain": "",
                "group_by_email": "",
                "iam_member": "",
                "role": "WRITER",
                "routine": [],
                "special_group": "projectWriters",
                "user_by_email": "",
                "view": []
              },
              {
                "condition": [],
                "dataset": [],
                "domain": "",
                "group_by_email": "tahi-service-accounts@wearetogether.co.nz",
                "iam_member": "",
                "role": "READER",
                "routine": [],
                "special_group": "",
                "user_by_email": "",
                "view": []
              },
              {
                "condition": [],
                "dataset": [],
                "domain": "",
                "group_by_email": "tahi-service-accounts@wearetogether.co.nz",
                "iam_member": "",
                "role": "roles/bigquery.user",
                "routine": [],
                "special_group": "",
                "user_by_email": "",
                "view": []
              }
            ],
            "creation_time": 1775128037782,
            "dataset_id": "dash_table",
            "default_collation": "",
            "default_encryption_configuration": [],
            "default_partition_expiration_ms": 0,
            "default_table_expiration_ms": 0,
            "delete_contents_on_destroy": false,
            "description": "",
            "effective_labels": {
              "goog-terraform-provisioned": "true",
              "managed-by-cnrm": "true"
            },
            "etag": "DIERqh6zpaatiaoE9q8gZA==",
            "external_catalog_dataset_options": [],
            "external_dataset_reference": [],
            "friendly_name": "",
            "id": "projects/kiwibank-main/datasets/dash_table",
            "is_case_insensitive": false,
            "labels": {
              "managed-by-cnrm": "true"
            },
            "last_modified_time": 1775128037782,
            "location": "australia-southeast1",
            "max_time_travel_hours": "168",
            "project": "kiwibank-main",
            "resource_tags": null,
            "self_link": "https://bigquery.googleapis.com/bigquery/v2/projects/kiwibank-main/datasets/dash_table",
            "storage_billing_model": "",
            "terraform_labels": {
              "goog-terraform-provisioned": "true",
              "managed-by-cnrm": "true"
            },
            "timeouts": null
          },
          "sensitive_attributes": [],
          "private": "eyJlMmJmYjczMC1lY2FhLTExZTYtOGY4OC0zNDM2M2JjN2M0YzAiOnsiY3JlYXRlIjoxMjAwMDAwMDAwMDAwLCJkZWxldGUiOjEyMDAwMDAwMDAwMDAsInVwZGF0ZSI6MTIwMDAwMDAwMDAwMH19"
        }
      ]
    },
    {
      "module": "module.bigquerydataset",
      "mode": "managed",
      "type": "google_bigquery_dataset",
      "name": "dash_table__ao_social_boosting",
      "provider": "provider[\"registry.terraform.io/hashicorp/google\"]",
      "instances": [
        {
          "schema_version": 0,
          "attributes": {
            "access": [
              {
                "condition": [],
                "dataset": [],
                "domain": "",
                "group_by_email": "",
                "iam_member": "",
                "role": "OWNER",
                "routine": [],
                "special_group": "",
                "user_by_email": "peter@wearetogether.co.nz",
                "view": []
              },
              {
                "condition": [],
                "dataset": [],
                "domain": "",
                "group_by_email": "",
                "iam_member": "",
                "role": "OWNER",
                "routine": [],
                "special_group": "projectOwners",
                "user_by_email": "",
                "view": []
              },
              {
                "condition": [],
                "dataset": [],
                "domain": "",
                "group_by_email": "",
                "iam_member": "",
                "role": "READER",
                "routine": [],
                "special_group": "projectReaders",
                "user_by_email": "",
                "view": []
              },
              {
                "condition": [],
                "dataset": [],
                "domain": "",
                "group_by_email": "",
                "iam_member": "",
                "role": "WRITER",
                "routine": [],
                "special_group": "projectWriters",
                "user_by_email": "",
                "view": []
              },
              {
                "condition": [],
                "dataset": [],
                "domain": "",
                "group_by_email": "tahi-service-accounts@wearetogether.co.nz",
                "iam_member": "",
                "role": "READER",
                "routine": [],
                "special_group": "",
                "user_by_email": "",
                "view": []
              },
              {
                "condition": [],
                "dataset": [],
                "domain": "",
                "group_by_email": "tahi-service-accounts@wearetogether.co.nz",
                "iam_member": "",
                "role": "roles/bigquery.user",
                "routine": [],
                "special_group": "",
                "user_by_email": "",
                "view": []
              }
            ],
            "creation_time": 1775119418168,
            "dataset_id": "dash_table__ao_social_boosting",
            "default_collation": "",
            "default_encryption_configuration": [],
            "default_partition_expiration_ms": 0,
            "default_table_expiration_ms": 0,
            "delete_contents_on_destroy": false,
            "description": "",
            "effective_labels": {
              "goog-terraform-provisioned": "true",
              "managed-by-cnrm": "true"
            },
            "etag": "gT5GGSS4NJpcpXZkyYMX4A==",
            "external_catalog_dataset_options": [],
            "external_dataset_reference": [],
            "friendly_name": "",
            "id": "projects/kiwibank-main/datasets/dash_table__ao_social_boosting",
            "is_case_insensitive": false,
            "labels": {
              "managed-by-cnrm": "true"
            },
            "last_modified_time": 1775119418168,
            "location": "australia-southeast1",
            "max_time_travel_hours": "168",
            "project": "kiwibank-main",
            "resource_tags": {},
            "self_link": "https://bigquery.googleapis.com/bigquery/v2/projects/kiwibank-main/datasets/dash_table__ao_social_boosting",
            "storage_billing_model": "",
            "terraform_labels": {
              "goog-terraform-provisioned": "true",
              "managed-by-cnrm": "true"
            },
            "timeouts": null
          },
          "sensitive_attributes": [],
          "private": "eyJlMmJmYjczMC1lY2FhLTExZTYtOGY4OC0zNDM2M2JjN2M0YzAiOnsiY3JlYXRlIjoxMjAwMDAwMDAwMDAwLCJkZWxldGUiOjEyMDAwMDAwMDAwMDAsInVwZGF0ZSI6MTIwMDAwMDAwMDAwMH19"
        }
      ]
    },
    {
      "module": "module.bigquerydataset",
      "mode": "managed",
      "type": "google_bigquery_dataset",
      "name": "dash_table__business_banking",
      "provider": "provider[\"registry.terraform.io/hashicorp/google\"]",
      "instances": [
        {
          "schema_version": 0,
          "attributes": {
            "access": [
              {
                "condition": [],
                "dataset": [],
                "domain": "",
                "group_by_email": "",
                "iam_member": "",
                "role": "OWNER",
                "routine": [],
                "special_group": "",
                "user_by_email": "peter@wearetogether.co.nz",
                "view": []
              },
              {
                "condition": [],
                "dataset": [],
                "domain": "",
                "group_by_email": "",
                "iam_member": "",
                "role": "OWNER",
                "routine": [],
                "special_group": "projectOwners",
                "user_by_email": "",
                "view": []
              },
              {
                "condition": [],
                "dataset": [],
                "domain": "",
                "group_by_email": "",
                "iam_member": "",
                "role": "READER",
                "routine": [],
                "special_group": "projectReaders",
                "user_by_email": "",
                "view": []
              },
              {
                "condition": [],
                "dataset": [],
                "domain": "",
                "group_by_email": "",
                "iam_member": "",
                "role": "WRITER",
                "routine": [],
                "special_group": "projectWriters",
                "user_by_email": "",
                "view": []
              },
              {
                "condition": [],
                "dataset": [],
                "domain": "",
                "group_by_email": "tahi-service-accounts@wearetogether.co.nz",
                "iam_member": "",
                "role": "READER",
                "routine": [],
                "special_group": "",
                "user_by_email": "",
                "view": []
              },
              {
                "condition": [],
                "dataset": [],
                "domain": "",
                "group_by_email": "tahi-service-accounts@wearetogether.co.nz",
                "iam_member": "",
                "role": "roles/bigquery.user",
                "routine": [],
                "special_group": "",
                "user_by_email": "",
                "view": []
              }
            ],
            "creation_time": 1775119430171,
            "dataset_id": "dash_table__business_banking",
            "default_collation": "",
            "default_encryption_configuration": [],
            "default_partition_expiration_ms": 0,
            "default_table_expiration_ms": 0,
            "delete_contents_on_destroy": false,
            "description": "",
            "effective_labels": {
              "goog-terraform-provisioned": "true",
              "managed-by-cnrm": "true"
            },
            "etag": "eHWre2UgHngZYrIx93a2Dg==",
            "external_catalog_dataset_options": [],
            "external_dataset_reference": [],
            "friendly_name": "",
            "id": "projects/kiwibank-main/datasets/dash_table__business_banking",
            "is_case_insensitive": false,
            "labels": {
              "managed-by-cnrm": "true"
            },
            "last_modified_time": 1775119430171,
            "location": "australia-southeast1",
            "max_time_travel_hours": "168",
            "project": "kiwibank-main",
            "resource_tags": {},
            "self_link": "https://bigquery.googleapis.com/bigquery/v2/projects/kiwibank-main/datasets/dash_table__business_banking",
            "storage_billing_model": "",
            "terraform_labels": {
              "goog-terraform-provisioned": "true",
              "managed-by-cnrm": "true"
            },
            "timeouts": null
          },
          "sensitive_attributes": [],
          "private": "eyJlMmJmYjczMC1lY2FhLTExZTYtOGY4OC0zNDM2M2JjN2M0YzAiOnsiY3JlYXRlIjoxMjAwMDAwMDAwMDAwLCJkZWxldGUiOjEyMDAwMDAwMDAwMDAsInVwZGF0ZSI6MTIwMDAwMDAwMDAwMH19"
        }
      ]
    },
    {
      "module": "module.bigquerydataset",
      "mode": "managed",
      "type": "google_bigquery_dataset",
      "name": "dash_table__credit_card",
      "provider": "provider[\"registry.terraform.io/hashicorp/google\"]",
      "instances": [
        {
          "schema_version": 0,
          "attributes": {
            "access": [
              {
                "condition": [],
                "dataset": [],
                "domain": "",
                "group_by_email": "",
                "iam_member": "",
                "role": "OWNER",
                "routine": [],
                "special_group": "",
                "user_by_email": "peter@wearetogether.co.nz",
                "view": []
              },
              {
                "condition": [],
                "dataset": [],
                "domain": "",
                "group_by_email": "",
                "iam_member": "",
                "role": "OWNER",
                "routine": [],
                "special_group": "projectOwners",
                "user_by_email": "",
                "view": []
              },
              {
                "condition": [],
                "dataset": [],
                "domain": "",
                "group_by_email": "",
                "iam_member": "",
                "role": "READER",
                "routine": [],
                "special_group": "projectReaders",
                "user_by_email": "",
                "view": []
              },
              {
                "condition": [],
                "dataset": [],
                "domain": "",
                "group_by_email": "",
                "iam_member": "",
                "role": "WRITER",
                "routine": [],
                "special_group": "projectWriters",
                "user_by_email": "",
                "view": []
              },
              {
                "condition": [],
                "dataset": [],
                "domain": "",
                "group_by_email": "tahi-service-accounts@wearetogether.co.nz",
                "iam_member": "",
                "role": "READER",
                "routine": [],
                "special_group": "",
                "user_by_email": "",
                "view": []
              },
              {
                "condition": [],
                "dataset": [],
                "domain": "",
                "group_by_email": "tahi-service-accounts@wearetogether.co.nz",
                "iam_member": "",
                "role": "roles/bigquery.user",
                "routine": [],
                "special_group": "",
                "user_by_email": "",
                "view": []
              }
            ],
            "creation_time": 1775119422491,
            "dataset_id": "dash_table__credit_card",
            "default_collation": "",
            "default_encryption_configuration": [],
            "default_partition_expiration_ms": 0,
            "default_table_expiration_ms": 0,
            "delete_contents_on_destroy": false,
            "description": "",
            "effective_labels": {
              "goog-terraform-provisioned": "true",
              "managed-by-cnrm": "true"
            },
            "etag": "C5ACdzc8nt7bj7w6sZWLgQ==",
            "external_catalog_dataset_options": [],
            "external_dataset_reference": [],
            "friendly_name": "",
            "id": "projects/kiwibank-main/datasets/dash_table__credit_card",
            "is_case_insensitive": false,
            "labels": {
              "managed-by-cnrm": "true"
            },
            "last_modified_time": 1775119422491,
            "location": "australia-southeast1",
            "max_time_travel_hours": "168",
            "project": "kiwibank-main",
            "resource_tags": {},
            "self_link": "https://bigquery.googleapis.com/bigquery/v2/projects/kiwibank-main/datasets/dash_table__credit_card",
            "storage_billing_model": "",
            "terraform_labels": {
              "goog-terraform-provisioned": "true",
              "managed-by-cnrm": "true"
            },
            "timeouts": null
          },
          "sensitive_attributes": [],
          "private": "eyJlMmJmYjczMC1lY2FhLTExZTYtOGY4OC0zNDM2M2JjN2M0YzAiOnsiY3JlYXRlIjoxMjAwMDAwMDAwMDAwLCJkZWxldGUiOjEyMDAwMDAwMDAwMDAsInVwZGF0ZSI6MTIwMDAwMDAwMDAwMH19"
        }
      ]
    },
    {
      "module": "module.bigquerydataset",
      "mode": "managed",
      "type": "google_bigquery_dataset",
      "name": "dash_table__everyday_banking_join_kiwibank",
      "provider": "provider[\"registry.terraform.io/hashicorp/google\"]",
      "instances": [
        {
          "schema_version": 0,
          "attributes": {
            "access": [
              {
                "condition": [],
                "dataset": [],
                "domain": "",
                "group_by_email": "",
                "iam_member": "",
                "role": "OWNER",
                "routine": [],
                "special_group": "",
                "user_by_email": "peter@wearetogether.co.nz",
                "view": []
              },
              {
                "condition": [],
                "dataset": [],
                "domain": "",
                "group_by_email": "",
                "iam_member": "",
                "role": "OWNER",
                "routine": [],
                "special_group": "projectOwners",
                "user_by_email": "",
                "view": []
              },
              {
                "condition": [],
                "dataset": [],
                "domain": "",
                "group_by_email": "",
                "iam_member": "",
                "role": "READER",
                "routine": [],
                "special_group": "projectReaders",
                "user_by_email": "",
                "view": []
              },
              {
                "condition": [],
                "dataset": [],
                "domain": "",
                "group_by_email": "",
                "iam_member": "",
                "role": "WRITER",
                "routine": [],
                "special_group": "projectWriters",
                "user_by_email": "",
                "view": []
              },
              {
                "condition": [],
                "dataset": [],
                "domain": "",
                "group_by_email": "tahi-service-accounts@wearetogether.co.nz",
                "iam_member": "",
                "role": "READER",
                "routine": [],
                "special_group": "",
                "user_by_email": "",
                "view": []
              },
              {
                "condition": [],
                "dataset": [],
                "domain": "",
                "group_by_email": "tahi-service-accounts@wearetogether.co.nz",
                "iam_member": "",
                "role": "roles/bigquery.user",
                "routine": [],
                "special_group": "",
                "user_by_email": "",
                "view": []
              }
            ],
            "creation_time": 1775119424880,
            "dataset_id": "dash_table__everyday_banking_join_kiwibank",
            "default_collation": "",
            "default_encryption_configuration": [],
            "default_partition_expiration_ms": 0,
            "default_table_expiration_ms": 0,
            "delete_contents_on_destroy": false,
            "description": "",
            "effective_labels": {
              "goog-terraform-provisioned": "true",
              "managed-by-cnrm": "true"
            },
            "etag": "bhq1QG+7W2PMBn4yJ9JTLQ==",
            "external_catalog_dataset_options": [],
            "external_dataset_reference": [],
            "friendly_name": "",
            "id": "projects/kiwibank-main/datasets/dash_table__everyday_banking_join_kiwibank",
            "is_case_insensitive": false,
            "labels": {
              "managed-by-cnrm": "true"
            },
            "last_modified_time": 1775119424880,
            "location": "australia-southeast1",
            "max_time_travel_hours": "168",
            "project": "kiwibank-main",
            "resource_tags": {},
            "self_link": "https://bigquery.googleapis.com/bigquery/v2/projects/kiwibank-main/datasets/dash_table__everyday_banking_join_kiwibank",
            "storage_billing_model": "",
            "terraform_labels": {
              "goog-terraform-provisioned": "true",
              "managed-by-cnrm": "true"
            },
            "timeouts": null
          },
          "sensitive_attributes": [],
          "private": "eyJlMmJmYjczMC1lY2FhLTExZTYtOGY4OC0zNDM2M2JjN2M0YzAiOnsiY3JlYXRlIjoxMjAwMDAwMDAwMDAwLCJkZWxldGUiOjEyMDAwMDAwMDAwMDAsInVwZGF0ZSI6MTIwMDAwMDAwMDAwMH19"
        }
      ]
    },
    {
      "module": "module.bigquerydataset",
      "mode": "managed",
      "type": "google_bigquery_dataset",
      "name": "dash_table__everyday_banking_retail_deposit",
      "provider": "provider[\"registry.terraform.io/hashicorp/google\"]",
      "instances": [
        {
          "schema_version": 0,
          "attributes": {
            "access": [
              {
                "condition": [],
                "dataset": [],
                "domain": "",
                "group_by_email": "",
                "iam_member": "",
                "role": "OWNER",
                "routine": [],
                "special_group": "",
                "user_by_email": "peter@wearetogether.co.nz",
                "view": []
              },
              {
                "condition": [],
                "dataset": [],
                "domain": "",
                "group_by_email": "",
                "iam_member": "",
                "role": "OWNER",
                "routine": [],
                "special_group": "projectOwners",
                "user_by_email": "",
                "view": []
              },
              {
                "condition": [],
                "dataset": [],
                "domain": "",
                "group_by_email": "",
                "iam_member": "",
                "role": "READER",
                "routine": [],
                "special_group": "projectReaders",
                "user_by_email": "",
                "view": []
              },
              {
                "condition": [],
                "dataset": [],
                "domain": "",
                "group_by_email": "",
                "iam_member": "",
                "role": "WRITER",
                "routine": [],
                "special_group": "projectWriters",
                "user_by_email": "",
                "view": []
              },
              {
                "condition": [],
                "dataset": [],
                "domain": "",
                "group_by_email": "tahi-service-accounts@wearetogether.co.nz",
                "iam_member": "",
                "role": "READER",
                "routine": [],
                "special_group": "",
                "user_by_email": "",
                "view": []
              },
              {
                "condition": [],
                "dataset": [],
                "domain": "",
                "group_by_email": "tahi-service-accounts@wearetogether.co.nz",
                "iam_member": "",
                "role": "roles/bigquery.user",
                "routine": [],
                "special_group": "",
                "user_by_email": "",
                "view": []
              }
            ],
            "creation_time": 1775119426876,
            "dataset_id": "dash_table__everyday_banking_retail_deposit",
            "default_collation": "",
            "default_encryption_configuration": [],
            "default_partition_expiration_ms": 0,
            "default_table_expiration_ms": 0,
            "delete_contents_on_destroy": false,
            "description": "",
            "effective_labels": {
              "goog-terraform-provisioned": "true",
              "managed-by-cnrm": "true"
            },
            "etag": "Zm4q9tfQy9Gfr9kh9F1+Dw==",
            "external_catalog_dataset_options": [],
            "external_dataset_reference": [],
            "friendly_name": "",
            "id": "projects/kiwibank-main/datasets/dash_table__everyday_banking_retail_deposit",
            "is_case_insensitive": false,
            "labels": {
              "managed-by-cnrm": "true"
            },
            "last_modified_time": 1775119426876,
            "location": "australia-southeast1",
            "max_time_travel_hours": "168",
            "project": "kiwibank-main",
            "resource_tags": {},
            "self_link": "https://bigquery.googleapis.com/bigquery/v2/projects/kiwibank-main/datasets/dash_table__everyday_banking_retail_deposit",
            "storage_billing_model": "",
            "terraform_labels": {
              "goog-terraform-provisioned": "true",
              "managed-by-cnrm": "true"
            },
            "timeouts": null
          },
          "sensitive_attributes": [],
          "private": "eyJlMmJmYjczMC1lY2FhLTExZTYtOGY4OC0zNDM2M2JjN2M0YzAiOnsiY3JlYXRlIjoxMjAwMDAwMDAwMDAwLCJkZWxldGUiOjEyMDAwMDAwMDAwMDAsInVwZGF0ZSI6MTIwMDAwMDAwMDAwMH19"
        }
      ]
    },
    {
      "module": "module.bigquerydataset",
      "mode": "managed",
      "type": "google_bigquery_dataset",
      "name": "dash_table__fraud_and_scams",
      "provider": "provider[\"registry.terraform.io/hashicorp/google\"]",
      "instances": [
        {
          "schema_version": 0,
          "attributes": {
            "access": [
              {
                "condition": [],
                "dataset": [],
                "domain": "",
                "group_by_email": "",
                "iam_member": "",
                "role": "OWNER",
                "routine": [],
                "special_group": "",
                "user_by_email": "peter@wearetogether.co.nz",
                "view": []
              },
              {
                "condition": [],
                "dataset": [],
                "domain": "",
                "group_by_email": "",
                "iam_member": "",
                "role": "OWNER",
                "routine": [],
                "special_group": "projectOwners",
                "user_by_email": "",
                "view": []
              },
              {
                "condition": [],
                "dataset": [],
                "domain": "",
                "group_by_email": "",
                "iam_member": "",
                "role": "READER",
                "routine": [],
                "special_group": "projectReaders",
                "user_by_email": "",
                "view": []
              },
              {
                "condition": [],
                "dataset": [],
                "domain": "",
                "group_by_email": "",
                "iam_member": "",
                "role": "WRITER",
                "routine": [],
                "special_group": "projectWriters",
                "user_by_email": "",
                "view": []
              },
              {
                "condition": [],
                "dataset": [],
                "domain": "",
                "group_by_email": "tahi-service-accounts@wearetogether.co.nz",
                "iam_member": "",
                "role": "READER",
                "routine": [],
                "special_group": "",
                "user_by_email": "",
                "view": []
              },
              {
                "condition": [],
                "dataset": [],
                "domain": "",
                "group_by_email": "tahi-service-accounts@wearetogether.co.nz",
                "iam_member": "",
                "role": "roles/bigquery.user",
                "routine": [],
                "special_group": "",
                "user_by_email": "",
                "view": []
              }
            ],
            "creation_time": 1775119429070,
            "dataset_id": "dash_table__fraud_and_scams",
            "default_collation": "",
            "default_encryption_configuration": [],
            "default_partition_expiration_ms": 0,
            "default_table_expiration_ms": 0,
            "delete_contents_on_destroy": false,
            "description": "",
            "effective_labels": {
              "goog-terraform-provisioned": "true",
              "managed-by-cnrm": "true"
            },
            "etag": "4pAS2iWIqDs9bklFUx5ciw==",
            "external_catalog_dataset_options": [],
            "external_dataset_reference": [],
            "friendly_name": "",
            "id": "projects/kiwibank-main/datasets/dash_table__fraud_and_scams",
            "is_case_insensitive": false,
            "labels": {
              "managed-by-cnrm": "true"
            },
            "last_modified_time": 1775119429070,
            "location": "australia-southeast1",
            "max_time_travel_hours": "168",
            "project": "kiwibank-main",
            "resource_tags": {},
            "self_link": "https://bigquery.googleapis.com/bigquery/v2/projects/kiwibank-main/datasets/dash_table__fraud_and_scams",
            "storage_billing_model": "",
            "terraform_labels": {
              "goog-terraform-provisioned": "true",
              "managed-by-cnrm": "true"
            },
            "timeouts": null
          },
          "sensitive_attributes": [],
          "private": "eyJlMmJmYjczMC1lY2FhLTExZTYtOGY4OC0zNDM2M2JjN2M0YzAiOnsiY3JlYXRlIjoxMjAwMDAwMDAwMDAwLCJkZWxldGUiOjEyMDAwMDAwMDAwMDAsInVwZGF0ZSI6MTIwMDAwMDAwMDAwMH19"
        }
      ]
    },
    {
      "module": "module.bigquerydataset",
      "mode": "managed",
      "type": "google_bigquery_dataset",
      "name": "dash_table__home_loan",
      "provider": "provider[\"registry.terraform.io/hashicorp/google\"]",
      "instances": [
        {
          "schema_version": 0,
          "attributes": {
            "access": [
              {
                "condition": [],
                "dataset": [],
                "domain": "",
                "group_by_email": "",
                "iam_member": "",
                "role": "OWNER",
                "routine": [],
                "special_group": "",
                "user_by_email": "peter@wearetogether.co.nz",
                "view": []
              },
              {
                "condition": [],
                "dataset": [],
                "domain": "",
                "group_by_email": "",
                "iam_member": "",
                "role": "OWNER",
                "routine": [],
                "special_group": "projectOwners",
                "user_by_email": "",
                "view": []
              },
              {
                "condition": [],
                "dataset": [],
                "domain": "",
                "group_by_email": "",
                "iam_member": "",
                "role": "READER",
                "routine": [],
                "special_group": "projectReaders",
                "user_by_email": "",
                "view": []
              },
              {
                "condition": [],
                "dataset": [],
                "domain": "",
                "group_by_email": "",
                "iam_member": "",
                "role": "WRITER",
                "routine": [],
                "special_group": "projectWriters",
                "user_by_email": "",
                "view": []
              },
              {
                "condition": [],
                "dataset": [],
                "domain": "",
                "group_by_email": "tahi-service-accounts@wearetogether.co.nz",
                "iam_member": "",
                "role": "READER",
                "routine": [],
                "special_group": "",
                "user_by_email": "",
                "view": []
              },
              {
                "condition": [],
                "dataset": [],
                "domain": "",
                "group_by_email": "tahi-service-accounts@wearetogether.co.nz",
                "iam_member": "",
                "role": "roles/bigquery.user",
                "routine": [],
                "special_group": "",
                "user_by_email": "",
                "view": []
              }
            ],
            "creation_time": 1775119422980,
            "dataset_id": "dash_table__home_loan",
            "default_collation": "",
            "default_encryption_configuration": [],
            "default_partition_expiration_ms": 0,
            "default_table_expiration_ms": 0,
            "delete_contents_on_destroy": false,
            "description": "",
            "effective_labels": {
              "goog-terraform-provisioned": "true",
              "managed-by-cnrm": "true"
            },
            "etag": "MDcZi/fR2Gp66DUSyysPfA==",
            "external_catalog_dataset_options": [],
            "external_dataset_reference": [],
            "friendly_name": "",
            "id": "projects/kiwibank-main/datasets/dash_table__home_loan",
            "is_case_insensitive": false,
            "labels": {
              "managed-by-cnrm": "true"
            },
            "last_modified_time": 1775119422980,
            "location": "australia-southeast1",
            "max_time_travel_hours": "168",
            "project": "kiwibank-main",
            "resource_tags": {},
            "self_link": "https://bigquery.googleapis.com/bigquery/v2/projects/kiwibank-main/datasets/dash_table__home_loan",
            "storage_billing_model": "",
            "terraform_labels": {
              "goog-terraform-provisioned": "true",
              "managed-by-cnrm": "true"
            },
            "timeouts": null
          },
          "sensitive_attributes": [],
          "private": "eyJlMmJmYjczMC1lY2FhLTExZTYtOGY4OC0zNDM2M2JjN2M0YzAiOnsiY3JlYXRlIjoxMjAwMDAwMDAwMDAwLCJkZWxldGUiOjEyMDAwMDAwMDAwMDAsInVwZGF0ZSI6MTIwMDAwMDAwMDAwMH19"
        }
      ]
    },
    {
      "module": "module.bigquerydataset",
      "mode": "managed",
      "type": "google_bigquery_dataset",
      "name": "dash_table_search__ao_social_boosting",
      "provider": "provider[\"registry.terraform.io/hashicorp/google\"]",
      "instances": [
        {
          "schema_version": 0,
          "attributes": {
            "access": [
              {
                "condition": [],
                "dataset": [],
                "domain": "",
                "group_by_email": "",
                "iam_member": "",
                "role": "OWNER",
                "routine": [],
                "special_group": "",
                "user_by_email": "peter@wearetogether.co.nz",
                "view": []
              },
              {
                "condition": [],
                "dataset": [],
                "domain": "",
                "group_by_email": "",
                "iam_member": "",
                "role": "OWNER",
                "routine": [],
                "special_group": "projectOwners",
                "user_by_email": "",
                "view": []
              },
              {
                "condition": [],
                "dataset": [],
                "domain": "",
                "group_by_email": "",
                "iam_member": "",
                "role": "READER",
                "routine": [],
                "special_group": "projectReaders",
                "user_by_email": "",
                "view": []
              },
              {
                "condition": [],
                "dataset": [],
                "domain": "",
                "group_by_email": "",
                "iam_member": "",
                "role": "WRITER",
                "routine": [],
                "special_group": "projectWriters",
                "user_by_email": "",
                "view": []
              }
            ],
            "creation_time": 1775119426162,
            "dataset_id": "dash_table_search__ao_social_boosting",
            "default_collation": "",
            "default_encryption_configuration": [],
            "default_partition_expiration_ms": 0,
            "default_table_expiration_ms": 0,
            "delete_contents_on_destroy": false,
            "description": "",
            "effective_labels": {
              "goog-terraform-provisioned": "true",
              "managed-by-cnrm": "true"
            },
            "etag": "TQ3ewlAbXGHjWWe2COVabg==",
            "external_catalog_dataset_options": [],
            "external_dataset_reference": [],
            "friendly_name": "",
            "id": "projects/kiwibank-main/datasets/dash_table_search__ao_social_boosting",
            "is_case_insensitive": false,
            "labels": {
              "managed-by-cnrm": "true"
            },
            "last_modified_time": 1775119426162,
            "location": "australia-southeast1",
            "max_time_travel_hours": "168",
            "project": "kiwibank-main",
            "resource_tags": {},
            "self_link": "https://bigquery.googleapis.com/bigquery/v2/projects/kiwibank-main/datasets/dash_table_search__ao_social_boosting",
            "storage_billing_model": "",
            "terraform_labels": {
              "goog-terraform-provisioned": "true",
              "managed-by-cnrm": "true"
            },
            "timeouts": null
          },
          "sensitive_attributes": [],
          "private": "eyJlMmJmYjczMC1lY2FhLTExZTYtOGY4OC0zNDM2M2JjN2M0YzAiOnsiY3JlYXRlIjoxMjAwMDAwMDAwMDAwLCJkZWxldGUiOjEyMDAwMDAwMDAwMDAsInVwZGF0ZSI6MTIwMDAwMDAwMDAwMH19"
        }
      ]
    },
    {
      "module": "module.bigquerydataset",
      "mode": "managed",
      "type": "google_bigquery_dataset",
      "name": "dash_table_search__business_banking",
      "provider": "provider[\"registry.terraform.io/hashicorp/google\"]",
      "instances": [
        {
          "schema_version": 0,
          "attributes": {
            "access": [
              {
                "condition": [],
                "dataset": [],
                "domain": "",
                "group_by_email": "",
                "iam_member": "",
                "role": "OWNER",
                "routine": [],
                "special_group": "",
                "user_by_email": "peter@wearetogether.co.nz",
                "view": []
              },
              {
                "condition": [],
                "dataset": [],
                "domain": "",
                "group_by_email": "",
                "iam_member": "",
                "role": "OWNER",
                "routine": [],
                "special_group": "projectOwners",
                "user_by_email": "",
                "view": []
              },
              {
                "condition": [],
                "dataset": [],
                "domain": "",
                "group_by_email": "",
                "iam_member": "",
                "role": "READER",
                "routine": [],
                "special_group": "projectReaders",
                "user_by_email": "",
                "view": []
              },
              {
                "condition": [],
                "dataset": [],
                "domain": "",
                "group_by_email": "",
                "iam_member": "",
                "role": "WRITER",
                "routine": [],
                "special_group": "projectWriters",
                "user_by_email": "",
                "view": []
              }
            ],
            "creation_time": 1775119418156,
            "dataset_id": "dash_table_search__business_banking",
            "default_collation": "",
            "default_encryption_configuration": [],
            "default_partition_expiration_ms": 0,
            "default_table_expiration_ms": 0,
            "delete_contents_on_destroy": false,
            "description": "",
            "effective_labels": {
              "goog-terraform-provisioned": "true",
              "managed-by-cnrm": "true"
            },
            "etag": "0Yufwn8/ezcMq228Of9mPQ==",
            "external_catalog_dataset_options": [],
            "external_dataset_reference": [],
            "friendly_name": "",
            "id": "projects/kiwibank-main/datasets/dash_table_search__business_banking",
            "is_case_insensitive": false,
            "labels": {
              "managed-by-cnrm": "true"
            },
            "last_modified_time": 1775119418156,
            "location": "australia-southeast1",
            "max_time_travel_hours": "168",
            "project": "kiwibank-main",
            "resource_tags": {},
            "self_link": "https://bigquery.googleapis.com/bigquery/v2/projects/kiwibank-main/datasets/dash_table_search__business_banking",
            "storage_billing_model": "",
            "terraform_labels": {
              "goog-terraform-provisioned": "true",
              "managed-by-cnrm": "true"
            },
            "timeouts": null
          },
          "sensitive_attributes": [],
          "private": "eyJlMmJmYjczMC1lY2FhLTExZTYtOGY4OC0zNDM2M2JjN2M0YzAiOnsiY3JlYXRlIjoxMjAwMDAwMDAwMDAwLCJkZWxldGUiOjEyMDAwMDAwMDAwMDAsInVwZGF0ZSI6MTIwMDAwMDAwMDAwMH19"
        }
      ]
    },
    {
      "module": "module.bigquerydataset",
      "mode": "managed",
      "type": "google_bigquery_dataset",
      "name": "dash_table_search__credit_card",
      "provider": "provider[\"registry.terraform.io/hashicorp/google\"]",
      "instances": [
        {
          "schema_version": 0,
          "attributes": {
            "access": [
              {
                "condition": [],
                "dataset": [],
                "domain": "",
                "group_by_email": "",
                "iam_member": "",
                "role": "OWNER",
                "routine": [],
                "special_group": "",
                "user_by_email": "peter@wearetogether.co.nz",
                "view": []
              },
              {
                "condition": [],
                "dataset": [],
                "domain": "",
                "group_by_email": "",
                "iam_member": "",
                "role": "OWNER",
                "routine": [],
                "special_group": "projectOwners",
                "user_by_email": "",
                "view": []
              },
              {
                "condition": [],
                "dataset": [],
                "domain": "",
                "group_by_email": "",
                "iam_member": "",
                "role": "READER",
                "routine": [],
                "special_group": "projectReaders",
                "user_by_email": "",
                "view": []
              },
              {
                "condition": [],
                "dataset": [],
                "domain": "",
                "group_by_email": "",
                "iam_member": "",
                "role": "WRITER",
                "routine": [],
                "special_group": "projectWriters",
                "user_by_email": "",
                "view": []
              }
            ],
            "creation_time": 1775119434082,
            "dataset_id": "dash_table_search__credit_card",
            "default_collation": "",
            "default_encryption_configuration": [],
            "default_partition_expiration_ms": 0,
            "default_table_expiration_ms": 0,
            "delete_contents_on_destroy": false,
            "description": "",
            "effective_labels": {
              "goog-terraform-provisioned": "true",
              "managed-by-cnrm": "true"
            },
            "etag": "pW4H61FJD+uQFT/6cdY4Rw==",
            "external_catalog_dataset_options": [],
            "external_dataset_reference": [],
            "friendly_name": "",
            "id": "projects/kiwibank-main/datasets/dash_table_search__credit_card",
            "is_case_insensitive": false,
            "labels": {
              "managed-by-cnrm": "true"
            },
            "last_modified_time": 1775119434082,
            "location": "australia-southeast1",
            "max_time_travel_hours": "168",
            "project": "kiwibank-main",
            "resource_tags": {},
            "self_link": "https://bigquery.googleapis.com/bigquery/v2/projects/kiwibank-main/datasets/dash_table_search__credit_card",
            "storage_billing_model": "",
            "terraform_labels": {
              "goog-terraform-provisioned": "true",
              "managed-by-cnrm": "true"
            },
            "timeouts": null
          },
          "sensitive_attributes": [],
          "private": "eyJlMmJmYjczMC1lY2FhLTExZTYtOGY4OC0zNDM2M2JjN2M0YzAiOnsiY3JlYXRlIjoxMjAwMDAwMDAwMDAwLCJkZWxldGUiOjEyMDAwMDAwMDAwMDAsInVwZGF0ZSI6MTIwMDAwMDAwMDAwMH19"
        }
      ]
    },
    {
      "module": "module.bigquerydataset",
      "mode": "managed",
      "type": "google_bigquery_dataset",
      "name": "dash_table_search__everyday_banking_join_kiwibank",
      "provider": "provider[\"registry.terraform.io/hashicorp/google\"]",
      "instances": [
        {
          "schema_version": 0,
          "attributes": {
            "access": [
              {
                "condition": [],
                "dataset": [],
                "domain": "",
                "group_by_email": "",
                "iam_member": "",
                "role": "OWNER",
                "routine": [],
                "special_group": "",
                "user_by_email": "peter@wearetogether.co.nz",
                "view": []
              },
              {
                "condition": [],
                "dataset": [],
                "domain": "",
                "group_by_email": "",
                "iam_member": "",
                "role": "OWNER",
                "routine": [],
                "special_group": "projectOwners",
                "user_by_email": "",
                "view": []
              },
              {
                "condition": [],
                "dataset": [],
                "domain": "",
                "group_by_email": "",
                "iam_member": "",
                "role": "READER",
                "routine": [],
                "special_group": "projectReaders",
                "user_by_email": "",
                "view": []
              },
              {
                "condition": [],
                "dataset": [],
                "domain": "",
                "group_by_email": "",
                "iam_member": "",
                "role": "WRITER",
                "routine": [],
                "special_group": "projectWriters",
                "user_by_email": "",
                "view": []
              }
            ],
            "creation_time": 1775119420178,
            "dataset_id": "dash_table_search__everyday_banking_join_kiwibank",
            "default_collation": "",
            "default_encryption_configuration": [],
            "default_partition_expiration_ms": 0,
            "default_table_expiration_ms": 0,
            "delete_contents_on_destroy": false,
            "description": "",
            "effective_labels": {
              "goog-terraform-provisioned": "true",
              "managed-by-cnrm": "true"
            },
            "etag": "7oODrZBkwQ1Y7JXe49Y5Ng==",
            "external_catalog_dataset_options": [],
            "external_dataset_reference": [],
            "friendly_name": "",
            "id": "projects/kiwibank-main/datasets/dash_table_search__everyday_banking_join_kiwibank",
            "is_case_insensitive": false,
            "labels": {
              "managed-by-cnrm": "true"
            },
            "last_modified_time": 1775119420178,
            "location": "australia-southeast1",
            "max_time_travel_hours": "168",
            "project": "kiwibank-main",
            "resource_tags": {},
            "self_link": "https://bigquery.googleapis.com/bigquery/v2/projects/kiwibank-main/datasets/dash_table_search__everyday_banking_join_kiwibank",
            "storage_billing_model": "",
            "terraform_labels": {
              "goog-terraform-provisioned": "true",
              "managed-by-cnrm": "true"
            },
            "timeouts": null
          },
          "sensitive_attributes": [],
          "private": "eyJlMmJmYjczMC1lY2FhLTExZTYtOGY4OC0zNDM2M2JjN2M0YzAiOnsiY3JlYXRlIjoxMjAwMDAwMDAwMDAwLCJkZWxldGUiOjEyMDAwMDAwMDAwMDAsInVwZGF0ZSI6MTIwMDAwMDAwMDAwMH19"
        }
      ]
    },
    {
      "module": "module.bigquerydataset",
      "mode": "managed",
      "type": "google_bigquery_dataset",
      "name": "dash_table_search__everyday_banking_retail_deposit",
      "provider": "provider[\"registry.terraform.io/hashicorp/google\"]",
      "instances": [
        {
          "schema_version": 0,
          "attributes": {
            "access": [
              {
                "condition": [],
                "dataset": [],
                "domain": "",
                "group_by_email": "",
                "iam_member": "",
                "role": "OWNER",
                "routine": [],
                "special_group": "",
                "user_by_email": "peter@wearetogether.co.nz",
                "view": []
              },
              {
                "condition": [],
                "dataset": [],
                "domain": "",
                "group_by_email": "",
                "iam_member": "",
                "role": "OWNER",
                "routine": [],
                "special_group": "projectOwners",
                "user_by_email": "",
                "view": []
              },
              {
                "condition": [],
                "dataset": [],
                "domain": "",
                "group_by_email": "",
                "iam_member": "",
                "role": "READER",
                "routine": [],
                "special_group": "projectReaders",
                "user_by_email": "",
                "view": []
              },
              {
                "condition": [],
                "dataset": [],
                "domain": "",
                "group_by_email": "",
                "iam_member": "",
                "role": "WRITER",
                "routine": [],
                "special_group": "projectWriters",
                "user_by_email": "",
                "view": []
              }
            ],
            "creation_time": 1775119418157,
            "dataset_id": "dash_table_search__everyday_banking_retail_deposit",
            "default_collation": "",
            "default_encryption_configuration": [],
            "default_partition_expiration_ms": 0,
            "default_table_expiration_ms": 0,
            "delete_contents_on_destroy": false,
            "description": "",
            "effective_labels": {
              "goog-terraform-provisioned": "true",
              "managed-by-cnrm": "true"
            },
            "etag": "ssBHcl5etY6nSrkqFPPGgw==",
            "external_catalog_dataset_options": [],
            "external_dataset_reference": [],
            "friendly_name": "",
            "id": "projects/kiwibank-main/datasets/dash_table_search__everyday_banking_retail_deposit",
            "is_case_insensitive": false,
            "labels": {
              "managed-by-cnrm": "true"
            },
            "last_modified_time": 1775119418157,
            "location": "australia-southeast1",
            "max_time_travel_hours": "168",
            "project": "kiwibank-main",
            "resource_tags": {},
            "self_link": "https://bigquery.googleapis.com/bigquery/v2/projects/kiwibank-main/datasets/dash_table_search__everyday_banking_retail_deposit",
            "storage_billing_model": "",
            "terraform_labels": {
              "goog-terraform-provisioned": "true",
              "managed-by-cnrm": "true"
            },
            "timeouts": null
          },
          "sensitive_attributes": [],
          "private": "eyJlMmJmYjczMC1lY2FhLTExZTYtOGY4OC0zNDM2M2JjN2M0YzAiOnsiY3JlYXRlIjoxMjAwMDAwMDAwMDAwLCJkZWxldGUiOjEyMDAwMDAwMDAwMDAsInVwZGF0ZSI6MTIwMDAwMDAwMDAwMH19"
        }
      ]
    },
    {
      "module": "module.bigquerydataset",
      "mode": "managed",
      "type": "google_bigquery_dataset",
      "name": "dash_table_search__fraud_and_scams",
      "provider": "provider[\"registry.terraform.io/hashicorp/google\"]",
      "instances": [
        {
          "schema_version": 0,
          "attributes": {
            "access": [
              {
                "condition": [],
                "dataset": [],
                "domain": "",
                "group_by_email": "",
                "iam_member": "",
                "role": "OWNER",
                "routine": [],
                "special_group": "",
                "user_by_email": "peter@wearetogether.co.nz",
                "view": []
              },
              {
                "condition": [],
                "dataset": [],
                "domain": "",
                "group_by_email": "",
                "iam_member": "",
                "role": "OWNER",
                "routine": [],
                "special_group": "projectOwners",
                "user_by_email": "",
                "view": []
              },
              {
                "condition": [],
                "dataset": [],
                "domain": "",
                "group_by_email": "",
                "iam_member": "",
                "role": "READER",
                "routine": [],
                "special_group": "projectReaders",
                "user_by_email": "",
                "view": []
              },
              {
                "condition": [],
                "dataset": [],
                "domain": "",
                "group_by_email": "",
                "iam_member": "",
                "role": "WRITER",
                "routine": [],
                "special_group": "projectWriters",
                "user_by_email": "",
                "view": []
              }
            ],
            "creation_time": 1775119425180,
            "dataset_id": "dash_table_search__fraud_and_scams",
            "default_collation": "",
            "default_encryption_configuration": [],
            "default_partition_expiration_ms": 0,
            "default_table_expiration_ms": 0,
            "delete_contents_on_destroy": false,
            "description": "",
            "effective_labels": {
              "goog-terraform-provisioned": "true",
              "managed-by-cnrm": "true"
            },
            "etag": "hlr2/ioB7/+qwLDn/LYMlA==",
            "external_catalog_dataset_options": [],
            "external_dataset_reference": [],
            "friendly_name": "",
            "id": "projects/kiwibank-main/datasets/dash_table_search__fraud_and_scams",
            "is_case_insensitive": false,
            "labels": {
              "managed-by-cnrm": "true"
            },
            "last_modified_time": 1775119425180,
            "location": "australia-southeast1",
            "max_time_travel_hours": "168",
            "project": "kiwibank-main",
            "resource_tags": {},
            "self_link": "https://bigquery.googleapis.com/bigquery/v2/projects/kiwibank-main/datasets/dash_table_search__fraud_and_scams",
            "storage_billing_model": "",
            "terraform_labels": {
              "goog-terraform-provisioned": "true",
              "managed-by-cnrm": "true"
            },
            "timeouts": null
          },
          "sensitive_attributes": [],
          "private": "eyJlMmJmYjczMC1lY2FhLTExZTYtOGY4OC0zNDM2M2JjN2M0YzAiOnsiY3JlYXRlIjoxMjAwMDAwMDAwMDAwLCJkZWxldGUiOjEyMDAwMDAwMDAwMDAsInVwZGF0ZSI6MTIwMDAwMDAwMDAwMH19"
        }
      ]
    },
    {
      "module": "module.bigquerydataset",
      "mode": "managed",
      "type": "google_bigquery_dataset",
      "name": "dash_table_search__home_loan",
      "provider": "provider[\"registry.terraform.io/hashicorp/google\"]",
      "instances": [
        {
          "schema_version": 0,
          "attributes": {
            "access": [
              {
                "condition": [],
                "dataset": [],
                "domain": "",
                "group_by_email": "",
                "iam_member": "",
                "role": "OWNER",
                "routine": [],
                "special_group": "",
                "user_by_email": "peter@wearetogether.co.nz",
                "view": []
              },
              {
                "condition": [],
                "dataset": [],
                "domain": "",
                "group_by_email": "",
                "iam_member": "",
                "role": "OWNER",
                "routine": [],
                "special_group": "projectOwners",
                "user_by_email": "",
                "view": []
              },
              {
                "condition": [],
                "dataset": [],
                "domain": "",
                "group_by_email": "",
                "iam_member": "",
                "role": "READER",
                "routine": [],
                "special_group": "projectReaders",
                "user_by_email": "",
                "view": []
              },
              {
                "condition": [],
                "dataset": [],
                "domain": "",
                "group_by_email": "",
                "iam_member": "",
                "role": "WRITER",
                "routine": [],
                "special_group": "projectWriters",
                "user_by_email": "",
                "view": []
              }
            ],
            "creation_time": 1775119430479,
            "dataset_id": "dash_table_search__home_loan",
            "default_collation": "",
            "default_encryption_configuration": [],
            "default_partition_expiration_ms": 0,
            "default_table_expiration_ms": 0,
            "delete_contents_on_destroy": false,
            "description": "",
            "effective_labels": {
              "goog-terraform-provisioned": "true",
              "managed-by-cnrm": "true"
            },
            "etag": "xVYXl6Da3k37OVJo7P2FkA==",
            "external_catalog_dataset_options": [],
            "external_dataset_reference": [],
            "friendly_name": "",
            "id": "projects/kiwibank-main/datasets/dash_table_search__home_loan",
            "is_case_insensitive": false,
            "labels": {
              "managed-by-cnrm": "true"
            },
            "last_modified_time": 1775119430479,
            "location": "australia-southeast1",
            "max_time_travel_hours": "168",
            "project": "kiwibank-main",
            "resource_tags": {},
            "self_link": "https://bigquery.googleapis.com/bigquery/v2/projects/kiwibank-main/datasets/dash_table_search__home_loan",
            "storage_billing_model": "",
            "terraform_labels": {
              "goog-terraform-provisioned": "true",
              "managed-by-cnrm": "true"
            },
            "timeouts": null
          },
          "sensitive_attributes": [],
          "private": "eyJlMmJmYjczMC1lY2FhLTExZTYtOGY4OC0zNDM2M2JjN2M0YzAiOnsiY3JlYXRlIjoxMjAwMDAwMDAwMDAwLCJkZWxldGUiOjEyMDAwMDAwMDAwMDAsInVwZGF0ZSI6MTIwMDAwMDAwMDAwMH19"
        }
      ]
    },
    {
      "module": "module.bigquerydataset",
      "mode": "managed",
      "type": "google_bigquery_dataset",
      "name": "dv360_raw",
      "provider": "provider[\"registry.terraform.io/hashicorp/google\"]",
      "instances": [
        {
          "schema_version": 0,
          "attributes": {
            "access": [
              {
                "condition": [],
                "dataset": [],
                "domain": "",
                "group_by_email": "",
                "iam_member": "",
                "role": "OWNER",
                "routine": [],
                "special_group": "",
                "user_by_email": "peter@wearetogether.co.nz",
                "view": []
              },
              {
                "condition": [],
                "dataset": [],
                "domain": "",
                "group_by_email": "",
                "iam_member": "",
                "role": "OWNER",
                "routine": [],
                "special_group": "projectOwners",
                "user_by_email": "",
                "view": []
              },
              {
                "condition": [],
                "dataset": [],
                "domain": "",
                "group_by_email": "",
                "iam_member": "",
                "role": "READER",
                "routine": [],
                "special_group": "projectReaders",
                "user_by_email": "",
                "view": []
              },
              {
                "condition": [],
                "dataset": [],
                "domain": "",
                "group_by_email": "",
                "iam_member": "",
                "role": "WRITER",
                "routine": [],
                "special_group": "projectWriters",
                "user_by_email": "",
                "view": []
              }
            ],
            "creation_time": 1775128044790,
            "dataset_id": "dv360_raw",
            "default_collation": "",
            "default_encryption_configuration": [],
            "default_partition_expiration_ms": 0,
            "default_table_expiration_ms": 0,
            "delete_contents_on_destroy": false,
            "description": "",
            "effective_labels": {
              "goog-terraform-provisioned": "true",
              "managed-by-cnrm": "true"
            },
            "etag": "USooGw8Zupv67KEyiuxrkg==",
            "external_catalog_dataset_options": [],
            "external_dataset_reference": [],
            "friendly_name": "",
            "id": "projects/kiwibank-main/datasets/dv360_raw",
            "is_case_insensitive": false,
            "labels": {
              "managed-by-cnrm": "true"
            },
            "last_modified_time": 1775128044790,
            "location": "australia-southeast1",
            "max_time_travel_hours": "168",
            "project": "kiwibank-main",
            "resource_tags": null,
            "self_link": "https://bigquery.googleapis.com/bigquery/v2/projects/kiwibank-main/datasets/dv360_raw",
            "storage_billing_model": "",
            "terraform_labels": {
              "goog-terraform-provisioned": "true",
              "managed-by-cnrm": "true"
            },
            "timeouts": null
          },
          "sensitive_attributes": [],
          "private": "eyJlMmJmYjczMC1lY2FhLTExZTYtOGY4OC0zNDM2M2JjN2M0YzAiOnsiY3JlYXRlIjoxMjAwMDAwMDAwMDAwLCJkZWxldGUiOjEyMDAwMDAwMDAwMDAsInVwZGF0ZSI6MTIwMDAwMDAwMDAwMH19"
        }
      ]
    },
    {
      "module": "module.bigquerydataset",
      "mode": "managed",
      "type": "google_bigquery_dataset",
      "name": "dv360_transformed",
      "provider": "provider[\"registry.terraform.io/hashicorp/google\"]",
      "instances": [
        {
          "schema_version": 0,
          "attributes": {
            "access": [
              {
                "condition": [],
                "dataset": [],
                "domain": "",
                "group_by_email": "",
                "iam_member": "",
                "role": "OWNER",
                "routine": [],
                "special_group": "",
                "user_by_email": "peter@wearetogether.co.nz",
                "view": []
              },
              {
                "condition": [],
                "dataset": [],
                "domain": "",
                "group_by_email": "",
                "iam_member": "",
                "role": "OWNER",
                "routine": [],
                "special_group": "projectOwners",
                "user_by_email": "",
                "view": []
              },
              {
                "condition": [],
                "dataset": [],
                "domain": "",
                "group_by_email": "",
                "iam_member": "",
                "role": "READER",
                "routine": [],
                "special_group": "projectReaders",
                "user_by_email": "",
                "view": []
              },
              {
                "condition": [],
                "dataset": [],
                "domain": "",
                "group_by_email": "",
                "iam_member": "",
                "role": "WRITER",
                "routine": [],
                "special_group": "projectWriters",
                "user_by_email": "",
                "view": []
              }
            ],
            "creation_time": 1775128043987,
            "dataset_id": "dv360_transformed",
            "default_collation": "",
            "default_encryption_configuration": [],
            "default_partition_expiration_ms": 0,
            "default_table_expiration_ms": 0,
            "delete_contents_on_destroy": false,
            "description": "",
            "effective_labels": {
              "goog-terraform-provisioned": "true",
              "managed-by-cnrm": "true"
            },
            "etag": "QMYIng/U14cPsyFBCJ7Ffw==",
            "external_catalog_dataset_options": [],
            "external_dataset_reference": [],
            "friendly_name": "",
            "id": "projects/kiwibank-main/datasets/dv360_transformed",
            "is_case_insensitive": false,
            "labels": {
              "managed-by-cnrm": "true"
            },
            "last_modified_time": 1775128043987,
            "location": "australia-southeast1",
            "max_time_travel_hours": "168",
            "project": "kiwibank-main",
            "resource_tags": null,
            "self_link": "https://bigquery.googleapis.com/bigquery/v2/projects/kiwibank-main/datasets/dv360_transformed",
            "storage_billing_model": "",
            "terraform_labels": {
              "goog-terraform-provisioned": "true",
              "managed-by-cnrm": "true"
            },
            "timeouts": null
          },
          "sensitive_attributes": [],
          "private": "eyJlMmJmYjczMC1lY2FhLTExZTYtOGY4OC0zNDM2M2JjN2M0YzAiOnsiY3JlYXRlIjoxMjAwMDAwMDAwMDAwLCJkZWxldGUiOjEyMDAwMDAwMDAwMDAsInVwZGF0ZSI6MTIwMDAwMDAwMDAwMH19"
        }
      ]
    },
    {
      "module": "module.bigquerydataset",
      "mode": "managed",
      "type": "google_bigquery_dataset",
      "name": "facebook_raw",
      "provider": "provider[\"registry.terraform.io/hashicorp/google\"]",
      "instances": [
        {
          "schema_version": 0,
          "attributes": {
            "access": [
              {
                "condition": [],
                "dataset": [],
                "domain": "",
                "group_by_email": "",
                "iam_member": "",
                "role": "OWNER",
                "routine": [],
                "special_group": "",
                "user_by_email": "peter@wearetogether.co.nz",
                "view": []
              },
              {
                "condition": [],
                "dataset": [],
                "domain": "",
                "group_by_email": "",
                "iam_member": "",
                "role": "OWNER",
                "routine": [],
                "special_group": "projectOwners",
                "user_by_email": "",
                "view": []
              },
              {
                "condition": [],
                "dataset": [],
                "domain": "",
                "group_by_email": "",
                "iam_member": "",
                "role": "READER",
                "routine": [],
                "special_group": "projectReaders",
                "user_by_email": "",
                "view": []
              },
              {
                "condition": [],
                "dataset": [],
                "domain": "",
                "group_by_email": "",
                "iam_member": "",
                "role": "WRITER",
                "routine": [],
                "special_group": "projectWriters",
                "user_by_email": "",
                "view": []
              }
            ],
            "creation_time": 1775128043674,
            "dataset_id": "facebook_raw",
            "default_collation": "",
            "default_encryption_configuration": [],
            "default_partition_expiration_ms": 0,
            "default_table_expiration_ms": 0,
            "delete_contents_on_destroy": false,
            "description": "",
            "effective_labels": {
              "goog-terraform-provisioned": "true",
              "managed-by-cnrm": "true"
            },
            "etag": "5jSwIHUQu7vn7knaciGQLQ==",
            "external_catalog_dataset_options": [],
            "external_dataset_reference": [],
            "friendly_name": "",
            "id": "projects/kiwibank-main/datasets/facebook_raw",
            "is_case_insensitive": false,
            "labels": {
              "managed-by-cnrm": "true"
            },
            "last_modified_time": 1775128043674,
            "location": "australia-southeast1",
            "max_time_travel_hours": "168",
            "project": "kiwibank-main",
            "resource_tags": null,
            "self_link": "https://bigquery.googleapis.com/bigquery/v2/projects/kiwibank-main/datasets/facebook_raw",
            "storage_billing_model": "",
            "terraform_labels": {
              "goog-terraform-provisioned": "true",
              "managed-by-cnrm": "true"
            },
            "timeouts": null
          },
          "sensitive_attributes": [],
          "private": "eyJlMmJmYjczMC1lY2FhLTExZTYtOGY4OC0zNDM2M2JjN2M0YzAiOnsiY3JlYXRlIjoxMjAwMDAwMDAwMDAwLCJkZWxldGUiOjEyMDAwMDAwMDAwMDAsInVwZGF0ZSI6MTIwMDAwMDAwMDAwMH19"
        }
      ]
    },
    {
      "module": "module.bigquerydataset",
      "mode": "managed",
      "type": "google_bigquery_dataset",
      "name": "facebook_transformed",
      "provider": "provider[\"registry.terraform.io/hashicorp/google\"]",
      "instances": [
        {
          "schema_version": 0,
          "attributes": {
            "access": [
              {
                "condition": [],
                "dataset": [],
                "domain": "",
                "group_by_email": "",
                "iam_member": "",
                "role": "OWNER",
                "routine": [],
                "special_group": "",
                "user_by_email": "peter@wearetogether.co.nz",
                "view": []
              },
              {
                "condition": [],
                "dataset": [],
                "domain": "",
                "group_by_email": "",
                "iam_member": "",
                "role": "OWNER",
                "routine": [],
                "special_group": "projectOwners",
                "user_by_email": "",
                "view": []
              },
              {
                "condition": [],
                "dataset": [],
                "domain": "",
                "group_by_email": "",
                "iam_member": "",
                "role": "READER",
                "routine": [],
                "special_group": "projectReaders",
                "user_by_email": "",
                "view": []
              },
              {
                "condition": [],
                "dataset": [],
                "domain": "",
                "group_by_email": "",
                "iam_member": "",
                "role": "WRITER",
                "routine": [],
                "special_group": "projectWriters",
                "user_by_email": "",
                "view": []
              }
            ],
            "creation_time": 1775128037787,
            "dataset_id": "facebook_transformed",
            "default_collation": "",
            "default_encryption_configuration": [],
            "default_partition_expiration_ms": 0,
            "default_table_expiration_ms": 0,
            "delete_contents_on_destroy": false,
            "description": "",
            "effective_labels": {
              "goog-terraform-provisioned": "true",
              "managed-by-cnrm": "true"
            },
            "etag": "8ymVtu94yoJKYQg+azP7HA==",
            "external_catalog_dataset_options": [],
            "external_dataset_reference": [],
            "friendly_name": "",
            "id": "projects/kiwibank-main/datasets/facebook_transformed",
            "is_case_insensitive": false,
            "labels": {
              "managed-by-cnrm": "true"
            },
            "last_modified_time": 1775128037787,
            "location": "australia-southeast1",
            "max_time_travel_hours": "168",
            "project": "kiwibank-main",
            "resource_tags": null,
            "self_link": "https://bigquery.googleapis.com/bigquery/v2/projects/kiwibank-main/datasets/facebook_transformed",
            "storage_billing_model": "",
            "terraform_labels": {
              "goog-terraform-provisioned": "true",
              "managed-by-cnrm": "true"
            },
            "timeouts": null
          },
          "sensitive_attributes": [],
          "private": "eyJlMmJmYjczMC1lY2FhLTExZTYtOGY4OC0zNDM2M2JjN2M0YzAiOnsiY3JlYXRlIjoxMjAwMDAwMDAwMDAwLCJkZWxldGUiOjEyMDAwMDAwMDAwMDAsInVwZGF0ZSI6MTIwMDAwMDAwMDAwMH19"
        }
      ]
    },
    {
      "module": "module.bigquerydataset",
      "mode": "managed",
      "type": "google_bigquery_dataset",
      "name": "ga4_raw",
      "provider": "provider[\"registry.terraform.io/hashicorp/google\"]",
      "instances": [
        {
          "schema_version": 0,
          "attributes": {
            "access": [
              {
                "condition": [],
                "dataset": [],
                "domain": "",
                "group_by_email": "",
                "iam_member": "",
                "role": "OWNER",
                "routine": [],
                "special_group": "",
                "user_by_email": "peter@wearetogether.co.nz",
                "view": []
              },
              {
                "condition": [],
                "dataset": [],
                "domain": "",
                "group_by_email": "",
                "iam_member": "",
                "role": "OWNER",
                "routine": [],
                "special_group": "projectOwners",
                "user_by_email": "",
                "view": []
              },
              {
                "condition": [],
                "dataset": [],
                "domain": "",
                "group_by_email": "",
                "iam_member": "",
                "role": "READER",
                "routine": [],
                "special_group": "projectReaders",
                "user_by_email": "",
                "view": []
              },
              {
                "condition": [],
                "dataset": [],
                "domain": "",
                "group_by_email": "",
                "iam_member": "",
                "role": "WRITER",
                "routine": [],
                "special_group": "projectWriters",
                "user_by_email": "",
                "view": []
              }
            ],
            "creation_time": 1775128043688,
            "dataset_id": "ga4_raw",
            "default_collation": "",
            "default_encryption_configuration": [],
            "default_partition_expiration_ms": 0,
            "default_table_expiration_ms": 0,
            "delete_contents_on_destroy": false,
            "description": "",
            "effective_labels": {
              "goog-terraform-provisioned": "true",
              "managed-by-cnrm": "true"
            },
            "etag": "Dse2M35JcTZOoxTB/odITA==",
            "external_catalog_dataset_options": [],
            "external_dataset_reference": [],
            "friendly_name": "",
            "id": "projects/kiwibank-main/datasets/ga4_raw",
            "is_case_insensitive": false,
            "labels": {
              "managed-by-cnrm": "true"
            },
            "last_modified_time": 1775128043688,
            "location": "australia-southeast1",
            "max_time_travel_hours": "168",
            "project": "kiwibank-main",
            "resource_tags": null,
            "self_link": "https://bigquery.googleapis.com/bigquery/v2/projects/kiwibank-main/datasets/ga4_raw",
            "storage_billing_model": "",
            "terraform_labels": {
              "goog-terraform-provisioned": "true",
              "managed-by-cnrm": "true"
            },
            "timeouts": null
          },
          "sensitive_attributes": [],
          "private": "eyJlMmJmYjczMC1lY2FhLTExZTYtOGY4OC0zNDM2M2JjN2M0YzAiOnsiY3JlYXRlIjoxMjAwMDAwMDAwMDAwLCJkZWxldGUiOjEyMDAwMDAwMDAwMDAsInVwZGF0ZSI6MTIwMDAwMDAwMDAwMH19"
        }
      ]
    },
    {
      "module": "module.bigquerydataset",
      "mode": "managed",
      "type": "google_bigquery_dataset",
      "name": "ga4_transformed",
      "provider": "provider[\"registry.terraform.io/hashicorp/google\"]",
      "instances": [
        {
          "schema_version": 0,
          "attributes": {
            "access": [
              {
                "condition": [],
                "dataset": [],
                "domain": "",
                "group_by_email": "",
                "iam_member": "",
                "role": "OWNER",
                "routine": [],
                "special_group": "",
                "user_by_email": "peter@wearetogether.co.nz",
                "view": []
              },
              {
                "condition": [],
                "dataset": [],
                "domain": "",
                "group_by_email": "",
                "iam_member": "",
                "role": "OWNER",
                "routine": [],
                "special_group": "projectOwners",
                "user_by_email": "",
                "view": []
              },
              {
                "condition": [],
                "dataset": [],
                "domain": "",
                "group_by_email": "",
                "iam_member": "",
                "role": "READER",
                "routine": [],
                "special_group": "projectReaders",
                "user_by_email": "",
                "view": []
              },
              {
                "condition": [],
                "dataset": [],
                "domain": "",
                "group_by_email": "",
                "iam_member": "",
                "role": "WRITER",
                "routine": [],
                "special_group": "projectWriters",
                "user_by_email": "",
                "view": []
              },
              {
                "condition": [],
                "dataset": [],
                "domain": "",
                "group_by_email": "tahi-service-accounts@wearetogether.co.nz",
                "iam_member": "",
                "role": "READER",
                "routine": [],
                "special_group": "",
                "user_by_email": "",
                "view": []
              },
              {
                "condition": [],
                "dataset": [],
                "domain": "",
                "group_by_email": "tahi-service-accounts@wearetogether.co.nz",
                "iam_member": "",
                "role": "roles/bigquery.user",
                "routine": [],
                "special_group": "",
                "user_by_email": "",
                "view": []
              }
            ],
            "creation_time": 1775128043480,
            "dataset_id": "ga4_transformed",
            "default_collation": "",
            "default_encryption_configuration": [],
            "default_partition_expiration_ms": 0,
            "default_table_expiration_ms": 0,
            "delete_contents_on_destroy": false,
            "description": "",
            "effective_labels": {
              "goog-terraform-provisioned": "true",
              "managed-by-cnrm": "true"
            },
            "etag": "SB9PLVqR5H7tml3M7FJFJg==",
            "external_catalog_dataset_options": [],
            "external_dataset_reference": [],
            "friendly_name": "",
            "id": "projects/kiwibank-main/datasets/ga4_transformed",
            "is_case_insensitive": false,
            "labels": {
              "managed-by-cnrm": "true"
            },
            "last_modified_time": 1775128043480,
            "location": "australia-southeast1",
            "max_time_travel_hours": "168",
            "project": "kiwibank-main",
            "resource_tags": null,
            "self_link": "https://bigquery.googleapis.com/bigquery/v2/projects/kiwibank-main/datasets/ga4_transformed",
            "storage_billing_model": "",
            "terraform_labels": {
              "goog-terraform-provisioned": "true",
              "managed-by-cnrm": "true"
            },
            "timeouts": null
          },
          "sensitive_attributes": [],
          "private": "eyJlMmJmYjczMC1lY2FhLTExZTYtOGY4OC0zNDM2M2JjN2M0YzAiOnsiY3JlYXRlIjoxMjAwMDAwMDAwMDAwLCJkZWxldGUiOjEyMDAwMDAwMDAwMDAsInVwZGF0ZSI6MTIwMDAwMDAwMDAwMH19"
        }
      ]
    },
    {
      "module": "module.bigquerydataset",
      "mode": "managed",
      "type": "google_bigquery_dataset",
      "name": "ga4_transformed__ao_social_boosting",
      "provider": "provider[\"registry.terraform.io/hashicorp/google\"]",
      "instances": [
        {
          "schema_version": 0,
          "attributes": {
            "access": [
              {
                "condition": [],
                "dataset": [],
                "domain": "",
                "group_by_email": "",
                "iam_member": "",
                "role": "OWNER",
                "routine": [],
                "special_group": "",
                "user_by_email": "peter@wearetogether.co.nz",
                "view": []
              },
              {
                "condition": [],
                "dataset": [],
                "domain": "",
                "group_by_email": "",
                "iam_member": "",
                "role": "OWNER",
                "routine": [],
                "special_group": "projectOwners",
                "user_by_email": "",
                "view": []
              },
              {
                "condition": [],
                "dataset": [],
                "domain": "",
                "group_by_email": "",
                "iam_member": "",
                "role": "READER",
                "routine": [],
                "special_group": "projectReaders",
                "user_by_email": "",
                "view": []
              },
              {
                "condition": [],
                "dataset": [],
                "domain": "",
                "group_by_email": "",
                "iam_member": "",
                "role": "WRITER",
                "routine": [],
                "special_group": "projectWriters",
                "user_by_email": "",
                "view": []
              },
              {
                "condition": [],
                "dataset": [],
                "domain": "",
                "group_by_email": "tahi-service-accounts@wearetogether.co.nz",
                "iam_member": "",
                "role": "READER",
                "routine": [],
                "special_group": "",
                "user_by_email": "",
                "view": []
              },
              {
                "condition": [],
                "dataset": [],
                "domain": "",
                "group_by_email": "tahi-service-accounts@wearetogether.co.nz",
                "iam_member": "",
                "role": "roles/bigquery.user",
                "routine": [],
                "special_group": "",
                "user_by_email": "",
                "view": []
              }
            ],
            "creation_time": 1775119438287,
            "dataset_id": "ga4_transformed__ao_social_boosting",
            "default_collation": "",
            "default_encryption_configuration": [],
            "default_partition_expiration_ms": 0,
            "default_table_expiration_ms": 0,
            "delete_contents_on_destroy": false,
            "description": "",
            "effective_labels": {
              "goog-terraform-provisioned": "true",
              "managed-by-cnrm": "true"
            },
            "etag": "woQtaossip0QcpZVXOg/lA==",
            "external_catalog_dataset_options": [],
            "external_dataset_reference": [],
            "friendly_name": "",
            "id": "projects/kiwibank-main/datasets/ga4_transformed__ao_social_boosting",
            "is_case_insensitive": false,
            "labels": {
              "managed-by-cnrm": "true"
            },
            "last_modified_time": 1775119438287,
            "location": "australia-southeast1",
            "max_time_travel_hours": "168",
            "project": "kiwibank-main",
            "resource_tags": {},
            "self_link": "https://bigquery.googleapis.com/bigquery/v2/projects/kiwibank-main/datasets/ga4_transformed__ao_social_boosting",
            "storage_billing_model": "",
            "terraform_labels": {
              "goog-terraform-provisioned": "true",
              "managed-by-cnrm": "true"
            },
            "timeouts": null
          },
          "sensitive_attributes": [],
          "private": "eyJlMmJmYjczMC1lY2FhLTExZTYtOGY4OC0zNDM2M2JjN2M0YzAiOnsiY3JlYXRlIjoxMjAwMDAwMDAwMDAwLCJkZWxldGUiOjEyMDAwMDAwMDAwMDAsInVwZGF0ZSI6MTIwMDAwMDAwMDAwMH19"
        }
      ]
    },
    {
      "module": "module.bigquerydataset",
      "mode": "managed",
      "type": "google_bigquery_dataset",
      "name": "ga4_transformed__business_banking",
      "provider": "provider[\"registry.terraform.io/hashicorp/google\"]",
      "instances": [
        {
          "schema_version": 0,
          "attributes": {
            "access": [
              {
                "condition": [],
                "dataset": [],
                "domain": "",
                "group_by_email": "",
                "iam_member": "",
                "role": "OWNER",
                "routine": [],
                "special_group": "",
                "user_by_email": "peter@wearetogether.co.nz",
                "view": []
              },
              {
                "condition": [],
                "dataset": [],
                "domain": "",
                "group_by_email": "",
                "iam_member": "",
                "role": "OWNER",
                "routine": [],
                "special_group": "projectOwners",
                "user_by_email": "",
                "view": []
              },
              {
                "condition": [],
                "dataset": [],
                "domain": "",
                "group_by_email": "",
                "iam_member": "",
                "role": "READER",
                "routine": [],
                "special_group": "projectReaders",
                "user_by_email": "",
                "view": []
              },
              {
                "condition": [],
                "dataset": [],
                "domain": "",
                "group_by_email": "",
                "iam_member": "",
                "role": "WRITER",
                "routine": [],
                "special_group": "projectWriters",
                "user_by_email": "",
                "view": []
              },
              {
                "condition": [],
                "dataset": [],
                "domain": "",
                "group_by_email": "tahi-service-accounts@wearetogether.co.nz",
                "iam_member": "",
                "role": "READER",
                "routine": [],
                "special_group": "",
                "user_by_email": "",
                "view": []
              },
              {
                "condition": [],
                "dataset": [],
                "domain": "",
                "group_by_email": "tahi-service-accounts@wearetogether.co.nz",
                "iam_member": "",
                "role": "roles/bigquery.user",
                "routine": [],
                "special_group": "",
                "user_by_email": "",
                "view": []
              }
            ],
            "creation_time": 1775119418163,
            "dataset_id": "ga4_transformed__business_banking",
            "default_collation": "",
            "default_encryption_configuration": [],
            "default_partition_expiration_ms": 0,
            "default_table_expiration_ms": 0,
            "delete_contents_on_destroy": false,
            "description": "",
            "effective_labels": {
              "goog-terraform-provisioned": "true",
              "managed-by-cnrm": "true"
            },
            "etag": "FEEQVH3kDqOguQTKKqFLdA==",
            "external_catalog_dataset_options": [],
            "external_dataset_reference": [],
            "friendly_name": "",
            "id": "projects/kiwibank-main/datasets/ga4_transformed__business_banking",
            "is_case_insensitive": false,
            "labels": {
              "managed-by-cnrm": "true"
            },
            "last_modified_time": 1775119418163,
            "location": "australia-southeast1",
            "max_time_travel_hours": "168",
            "project": "kiwibank-main",
            "resource_tags": {},
            "self_link": "https://bigquery.googleapis.com/bigquery/v2/projects/kiwibank-main/datasets/ga4_transformed__business_banking",
            "storage_billing_model": "",
            "terraform_labels": {
              "goog-terraform-provisioned": "true",
              "managed-by-cnrm": "true"
            },
            "timeouts": null
          },
          "sensitive_attributes": [],
          "private": "eyJlMmJmYjczMC1lY2FhLTExZTYtOGY4OC0zNDM2M2JjN2M0YzAiOnsiY3JlYXRlIjoxMjAwMDAwMDAwMDAwLCJkZWxldGUiOjEyMDAwMDAwMDAwMDAsInVwZGF0ZSI6MTIwMDAwMDAwMDAwMH19"
        }
      ]
    },
    {
      "module": "module.bigquerydataset",
      "mode": "managed",
      "type": "google_bigquery_dataset",
      "name": "ga4_transformed__credit_card",
      "provider": "provider[\"registry.terraform.io/hashicorp/google\"]",
      "instances": [
        {
          "schema_version": 0,
          "attributes": {
            "access": [
              {
                "condition": [],
                "dataset": [],
                "domain": "",
                "group_by_email": "",
                "iam_member": "",
                "role": "OWNER",
                "routine": [],
                "special_group": "",
                "user_by_email": "peter@wearetogether.co.nz",
                "view": []
              },
              {
                "condition": [],
                "dataset": [],
                "domain": "",
                "group_by_email": "",
                "iam_member": "",
                "role": "OWNER",
                "routine": [],
                "special_group": "projectOwners",
                "user_by_email": "",
                "view": []
              },
              {
                "condition": [],
                "dataset": [],
                "domain": "",
                "group_by_email": "",
                "iam_member": "",
                "role": "READER",
                "routine": [],
                "special_group": "projectReaders",
                "user_by_email": "",
                "view": []
              },
              {
                "condition": [],
                "dataset": [],
                "domain": "",
                "group_by_email": "",
                "iam_member": "",
                "role": "WRITER",
                "routine": [],
                "special_group": "projectWriters",
                "user_by_email": "",
                "view": []
              },
              {
                "condition": [],
                "dataset": [],
                "domain": "",
                "group_by_email": "tahi-service-accounts@wearetogether.co.nz",
                "iam_member": "",
                "role": "READER",
                "routine": [],
                "special_group": "",
                "user_by_email": "",
                "view": []
              },
              {
                "condition": [],
                "dataset": [],
                "domain": "",
                "group_by_email": "tahi-service-accounts@wearetogether.co.nz",
                "iam_member": "",
                "role": "roles/bigquery.user",
                "routine": [],
                "special_group": "",
                "user_by_email": "",
                "view": []
              }
            ],
            "creation_time": 1775119426847,
            "dataset_id": "ga4_transformed__credit_card",
            "default_collation": "",
            "default_encryption_configuration": [],
            "default_partition_expiration_ms": 0,
            "default_table_expiration_ms": 0,
            "delete_contents_on_destroy": false,
            "description": "",
            "effective_labels": {
              "goog-terraform-provisioned": "true",
              "managed-by-cnrm": "true"
            },
            "etag": "PUq2qGvFc5gOE59+ndLYPQ==",
            "external_catalog_dataset_options": [],
            "external_dataset_reference": [],
            "friendly_name": "",
            "id": "projects/kiwibank-main/datasets/ga4_transformed__credit_card",
            "is_case_insensitive": false,
            "labels": {
              "managed-by-cnrm": "true"
            },
            "last_modified_time": 1775119426847,
            "location": "australia-southeast1",
            "max_time_travel_hours": "168",
            "project": "kiwibank-main",
            "resource_tags": {},
            "self_link": "https://bigquery.googleapis.com/bigquery/v2/projects/kiwibank-main/datasets/ga4_transformed__credit_card",
            "storage_billing_model": "",
            "terraform_labels": {
              "goog-terraform-provisioned": "true",
              "managed-by-cnrm": "true"
            },
            "timeouts": null
          },
          "sensitive_attributes": [],
          "private": "eyJlMmJmYjczMC1lY2FhLTExZTYtOGY4OC0zNDM2M2JjN2M0YzAiOnsiY3JlYXRlIjoxMjAwMDAwMDAwMDAwLCJkZWxldGUiOjEyMDAwMDAwMDAwMDAsInVwZGF0ZSI6MTIwMDAwMDAwMDAwMH19"
        }
      ]
    },
    {
      "module": "module.bigquerydataset",
      "mode": "managed",
      "type": "google_bigquery_dataset",
      "name": "ga4_transformed__everyday_banking_join_kiwibank",
      "provider": "provider[\"registry.terraform.io/hashicorp/google\"]",
      "instances": [
        {
          "schema_version": 0,
          "attributes": {
            "access": [
              {
                "condition": [],
                "dataset": [],
                "domain": "",
                "group_by_email": "",
                "iam_member": "",
                "role": "OWNER",
                "routine": [],
                "special_group": "",
                "user_by_email": "peter@wearetogether.co.nz",
                "view": []
              },
              {
                "condition": [],
                "dataset": [],
                "domain": "",
                "group_by_email": "",
                "iam_member": "",
                "role": "OWNER",
                "routine": [],
                "special_group": "projectOwners",
                "user_by_email": "",
                "view": []
              },
              {
                "condition": [],
                "dataset": [],
                "domain": "",
                "group_by_email": "",
                "iam_member": "",
                "role": "READER",
                "routine": [],
                "special_group": "projectReaders",
                "user_by_email": "",
                "view": []
              },
              {
                "condition": [],
                "dataset": [],
                "domain": "",
                "group_by_email": "",
                "iam_member": "",
                "role": "WRITER",
                "routine": [],
                "special_group": "projectWriters",
                "user_by_email": "",
                "view": []
              },
              {
                "condition": [],
                "dataset": [],
                "domain": "",
                "group_by_email": "tahi-service-accounts@wearetogether.co.nz",
                "iam_member": "",
                "role": "READER",
                "routine": [],
                "special_group": "",
                "user_by_email": "",
                "view": []
              },
              {
                "condition": [],
                "dataset": [],
                "domain": "",
                "group_by_email": "tahi-service-accounts@wearetogether.co.nz",
                "iam_member": "",
                "role": "roles/bigquery.user",
                "routine": [],
                "special_group": "",
                "user_by_email": "",
                "view": []
              }
            ],
            "creation_time": 1775119418567,
            "dataset_id": "ga4_transformed__everyday_banking_join_kiwibank",
            "default_collation": "",
            "default_encryption_configuration": [],
            "default_partition_expiration_ms": 0,
            "default_table_expiration_ms": 0,
            "delete_contents_on_destroy": false,
            "description": "",
            "effective_labels": {
              "goog-terraform-provisioned": "true",
              "managed-by-cnrm": "true"
            },
            "etag": "RipRgmkeR3+Vxwj0UdI8zA==",
            "external_catalog_dataset_options": [],
            "external_dataset_reference": [],
            "friendly_name": "",
            "id": "projects/kiwibank-main/datasets/ga4_transformed__everyday_banking_join_kiwibank",
            "is_case_insensitive": false,
            "labels": {
              "managed-by-cnrm": "true"
            },
            "last_modified_time": 1775119418567,
            "location": "australia-southeast1",
            "max_time_travel_hours": "168",
            "project": "kiwibank-main",
            "resource_tags": {},
            "self_link": "https://bigquery.googleapis.com/bigquery/v2/projects/kiwibank-main/datasets/ga4_transformed__everyday_banking_join_kiwibank",
            "storage_billing_model": "",
            "terraform_labels": {
              "goog-terraform-provisioned": "true",
              "managed-by-cnrm": "true"
            },
            "timeouts": null
          },
          "sensitive_attributes": [],
          "private": "eyJlMmJmYjczMC1lY2FhLTExZTYtOGY4OC0zNDM2M2JjN2M0YzAiOnsiY3JlYXRlIjoxMjAwMDAwMDAwMDAwLCJkZWxldGUiOjEyMDAwMDAwMDAwMDAsInVwZGF0ZSI6MTIwMDAwMDAwMDAwMH19"
        }
      ]
    },
    {
      "module": "module.bigquerydataset",
      "mode": "managed",
      "type": "google_bigquery_dataset",
      "name": "ga4_transformed__everyday_banking_retail_deposit",
      "provider": "provider[\"registry.terraform.io/hashicorp/google\"]",
      "instances": [
        {
          "schema_version": 0,
          "attributes": {
            "access": [
              {
                "condition": [],
                "dataset": [],
                "domain": "",
                "group_by_email": "",
                "iam_member": "",
                "role": "OWNER",
                "routine": [],
                "special_group": "",
                "user_by_email": "peter@wearetogether.co.nz",
                "view": []
              },
              {
                "condition": [],
                "dataset": [],
                "domain": "",
                "group_by_email": "",
                "iam_member": "",
                "role": "OWNER",
                "routine": [],
                "special_group": "projectOwners",
                "user_by_email": "",
                "view": []
              },
              {
                "condition": [],
                "dataset": [],
                "domain": "",
                "group_by_email": "",
                "iam_member": "",
                "role": "READER",
                "routine": [],
                "special_group": "projectReaders",
                "user_by_email": "",
                "view": []
              },
              {
                "condition": [],
                "dataset": [],
                "domain": "",
                "group_by_email": "",
                "iam_member": "",
                "role": "WRITER",
                "routine": [],
                "special_group": "projectWriters",
                "user_by_email": "",
                "view": []
              },
              {
                "condition": [],
                "dataset": [],
                "domain": "",
                "group_by_email": "tahi-service-accounts@wearetogether.co.nz",
                "iam_member": "",
                "role": "READER",
                "routine": [],
                "special_group": "",
                "user_by_email": "",
                "view": []
              },
              {
                "condition": [],
                "dataset": [],
                "domain": "",
                "group_by_email": "tahi-service-accounts@wearetogether.co.nz",
                "iam_member": "",
                "role": "roles/bigquery.user",
                "routine": [],
                "special_group": "",
                "user_by_email": "",
                "view": []
              }
            ],
            "creation_time": 1775119420171,
            "dataset_id": "ga4_transformed__everyday_banking_retail_deposit",
            "default_collation": "",
            "default_encryption_configuration": [],
            "default_partition_expiration_ms": 0,
            "default_table_expiration_ms": 0,
            "delete_contents_on_destroy": false,
            "description": "",
            "effective_labels": {
              "goog-terraform-provisioned": "true",
              "managed-by-cnrm": "true"
            },
            "etag": "WdEy6QPHr0RpyJ3KLKnJGQ==",
            "external_catalog_dataset_options": [],
            "external_dataset_reference": [],
            "friendly_name": "",
            "id": "projects/kiwibank-main/datasets/ga4_transformed__everyday_banking_retail_deposit",
            "is_case_insensitive": false,
            "labels": {
              "managed-by-cnrm": "true"
            },
            "last_modified_time": 1775119420171,
            "location": "australia-southeast1",
            "max_time_travel_hours": "168",
            "project": "kiwibank-main",
            "resource_tags": {},
            "self_link": "https://bigquery.googleapis.com/bigquery/v2/projects/kiwibank-main/datasets/ga4_transformed__everyday_banking_retail_deposit",
            "storage_billing_model": "",
            "terraform_labels": {
              "goog-terraform-provisioned": "true",
              "managed-by-cnrm": "true"
            },
            "timeouts": null
          },
          "sensitive_attributes": [],
          "private": "eyJlMmJmYjczMC1lY2FhLTExZTYtOGY4OC0zNDM2M2JjN2M0YzAiOnsiY3JlYXRlIjoxMjAwMDAwMDAwMDAwLCJkZWxldGUiOjEyMDAwMDAwMDAwMDAsInVwZGF0ZSI6MTIwMDAwMDAwMDAwMH19"
        }
      ]
    },
    {
      "module": "module.bigquerydataset",
      "mode": "managed",
      "type": "google_bigquery_dataset",
      "name": "ga4_transformed__fraud_and_scams",
      "provider": "provider[\"registry.terraform.io/hashicorp/google\"]",
      "instances": [
        {
          "schema_version": 0,
          "attributes": {
            "access": [
              {
                "condition": [],
                "dataset": [],
                "domain": "",
                "group_by_email": "",
                "iam_member": "",
                "role": "OWNER",
                "routine": [],
                "special_group": "",
                "user_by_email": "peter@wearetogether.co.nz",
                "view": []
              },
              {
                "condition": [],
                "dataset": [],
                "domain": "",
                "group_by_email": "",
                "iam_member": "",
                "role": "OWNER",
                "routine": [],
                "special_group": "projectOwners",
                "user_by_email": "",
                "view": []
              },
              {
                "condition": [],
                "dataset": [],
                "domain": "",
                "group_by_email": "",
                "iam_member": "",
                "role": "READER",
                "routine": [],
                "special_group": "projectReaders",
                "user_by_email": "",
                "view": []
              },
              {
                "condition": [],
                "dataset": [],
                "domain": "",
                "group_by_email": "",
                "iam_member": "",
                "role": "WRITER",
                "routine": [],
                "special_group": "projectWriters",
                "user_by_email": "",
                "view": []
              },
              {
                "condition": [],
                "dataset": [],
                "domain": "",
                "group_by_email": "tahi-service-accounts@wearetogether.co.nz",
                "iam_member": "",
                "role": "READER",
                "routine": [],
                "special_group": "",
                "user_by_email": "",
                "view": []
              },
              {
                "condition": [],
                "dataset": [],
                "domain": "",
                "group_by_email": "tahi-service-accounts@wearetogether.co.nz",
                "iam_member": "",
                "role": "roles/bigquery.user",
                "routine": [],
                "special_group": "",
                "user_by_email": "",
                "view": []
              }
            ],
            "creation_time": 1775119418165,
            "dataset_id": "ga4_transformed__fraud_and_scams",
            "default_collation": "",
            "default_encryption_configuration": [],
            "default_partition_expiration_ms": 0,
            "default_table_expiration_ms": 0,
            "delete_contents_on_destroy": false,
            "description": "",
            "effective_labels": {
              "goog-terraform-provisioned": "true",
              "managed-by-cnrm": "true"
            },
            "etag": "/j8PPrxyZ9u4dwItSJUs5Q==",
            "external_catalog_dataset_options": [],
            "external_dataset_reference": [],
            "friendly_name": "",
            "id": "projects/kiwibank-main/datasets/ga4_transformed__fraud_and_scams",
            "is_case_insensitive": false,
            "labels": {
              "managed-by-cnrm": "true"
            },
            "last_modified_time": 1775119418165,
            "location": "australia-southeast1",
            "max_time_travel_hours": "168",
            "project": "kiwibank-main",
            "resource_tags": {},
            "self_link": "https://bigquery.googleapis.com/bigquery/v2/projects/kiwibank-main/datasets/ga4_transformed__fraud_and_scams",
            "storage_billing_model": "",
            "terraform_labels": {
              "goog-terraform-provisioned": "true",
              "managed-by-cnrm": "true"
            },
            "timeouts": null
          },
          "sensitive_attributes": [],
          "private": "eyJlMmJmYjczMC1lY2FhLTExZTYtOGY4OC0zNDM2M2JjN2M0YzAiOnsiY3JlYXRlIjoxMjAwMDAwMDAwMDAwLCJkZWxldGUiOjEyMDAwMDAwMDAwMDAsInVwZGF0ZSI6MTIwMDAwMDAwMDAwMH19"
        }
      ]
    },
    {
      "module": "module.bigquerydataset",
      "mode": "managed",
      "type": "google_bigquery_dataset",
      "name": "ga4_transformed__home_loan",
      "provider": "provider[\"registry.terraform.io/hashicorp/google\"]",
      "instances": [
        {
          "schema_version": 0,
          "attributes": {
            "access": [
              {
                "condition": [],
                "dataset": [],
                "domain": "",
                "group_by_email": "",
                "iam_member": "",
                "role": "OWNER",
                "routine": [],
                "special_group": "",
                "user_by_email": "peter@wearetogether.co.nz",
                "view": []
              },
              {
                "condition": [],
                "dataset": [],
                "domain": "",
                "group_by_email": "",
                "iam_member": "",
                "role": "OWNER",
                "routine": [],
                "special_group": "projectOwners",
                "user_by_email": "",
                "view": []
              },
              {
                "condition": [],
                "dataset": [],
                "domain": "",
                "group_by_email": "",
                "iam_member": "",
                "role": "READER",
                "routine": [],
                "special_group": "projectReaders",
                "user_by_email": "",
                "view": []
              },
              {
                "condition": [],
                "dataset": [],
                "domain": "",
                "group_by_email": "",
                "iam_member": "",
                "role": "WRITER",
                "routine": [],
                "special_group": "projectWriters",
                "user_by_email": "",
                "view": []
              },
              {
                "condition": [],
                "dataset": [],
                "domain": "",
                "group_by_email": "tahi-service-accounts@wearetogether.co.nz",
                "iam_member": "",
                "role": "READER",
                "routine": [],
                "special_group": "",
                "user_by_email": "",
                "view": []
              },
              {
                "condition": [],
                "dataset": [],
                "domain": "",
                "group_by_email": "tahi-service-accounts@wearetogether.co.nz",
                "iam_member": "",
                "role": "roles/bigquery.user",
                "routine": [],
                "special_group": "",
                "user_by_email": "",
                "view": []
              }
            ],
            "creation_time": 1775119427783,
            "dataset_id": "ga4_transformed__home_loan",
            "default_collation": "",
            "default_encryption_configuration": [],
            "default_partition_expiration_ms": 0,
            "default_table_expiration_ms": 0,
            "delete_contents_on_destroy": false,
            "description": "",
            "effective_labels": {
              "goog-terraform-provisioned": "true",
              "managed-by-cnrm": "true"
            },
            "etag": "R7TpJ2G2KIGya393xUtPbA==",
            "external_catalog_dataset_options": [],
            "external_dataset_reference": [],
            "friendly_name": "",
            "id": "projects/kiwibank-main/datasets/ga4_transformed__home_loan",
            "is_case_insensitive": false,
            "labels": {
              "managed-by-cnrm": "true"
            },
            "last_modified_time": 1775119427783,
            "location": "australia-southeast1",
            "max_time_travel_hours": "168",
            "project": "kiwibank-main",
            "resource_tags": {},
            "self_link": "https://bigquery.googleapis.com/bigquery/v2/projects/kiwibank-main/datasets/ga4_transformed__home_loan",
            "storage_billing_model": "",
            "terraform_labels": {
              "goog-terraform-provisioned": "true",
              "managed-by-cnrm": "true"
            },
            "timeouts": null
          },
          "sensitive_attributes": [],
          "private": "eyJlMmJmYjczMC1lY2FhLTExZTYtOGY4OC0zNDM2M2JjN2M0YzAiOnsiY3JlYXRlIjoxMjAwMDAwMDAwMDAwLCJkZWxldGUiOjEyMDAwMDAwMDAwMDAsInVwZGF0ZSI6MTIwMDAwMDAwMDAwMH19"
        }
      ]
    },
    {
      "module": "module.bigquerydataset",
      "mode": "managed",
      "type": "google_bigquery_dataset",
      "name": "google_ads_search",
      "provider": "provider[\"registry.terraform.io/hashicorp/google\"]",
      "instances": [
        {
          "schema_version": 0,
          "attributes": {
            "access": [
              {
                "condition": [],
                "dataset": [],
                "domain": "",
                "group_by_email": "",
                "iam_member": "",
                "role": "OWNER",
                "routine": [],
                "special_group": "",
                "user_by_email": "peter@wearetogether.co.nz",
                "view": []
              },
              {
                "condition": [],
                "dataset": [],
                "domain": "",
                "group_by_email": "",
                "iam_member": "",
                "role": "OWNER",
                "routine": [],
                "special_group": "projectOwners",
                "user_by_email": "",
                "view": []
              },
              {
                "condition": [],
                "dataset": [],
                "domain": "",
                "group_by_email": "",
                "iam_member": "",
                "role": "READER",
                "routine": [],
                "special_group": "projectReaders",
                "user_by_email": "",
                "view": []
              },
              {
                "condition": [],
                "dataset": [],
                "domain": "",
                "group_by_email": "",
                "iam_member": "",
                "role": "WRITER",
                "routine": [],
                "special_group": "projectWriters",
                "user_by_email": "",
                "view": []
              }
            ],
            "creation_time": 1775128045383,
            "dataset_id": "google_ads_search",
            "default_collation": "",
            "default_encryption_configuration": [],
            "default_partition_expiration_ms": 0,
            "default_table_expiration_ms": 0,
            "delete_contents_on_destroy": false,
            "description": "",
            "effective_labels": {
              "goog-terraform-provisioned": "true",
              "managed-by-cnrm": "true"
            },
            "etag": "cvlDRyMFgsIMO9JvGabowQ==",
            "external_catalog_dataset_options": [],
            "external_dataset_reference": [],
            "friendly_name": "",
            "id": "projects/kiwibank-main/datasets/google_ads_search",
            "is_case_insensitive": false,
            "labels": {
              "managed-by-cnrm": "true"
            },
            "last_modified_time": 1775128045383,
            "location": "australia-southeast1",
            "max_time_travel_hours": "168",
            "project": "kiwibank-main",
            "resource_tags": null,
            "self_link": "https://bigquery.googleapis.com/bigquery/v2/projects/kiwibank-main/datasets/google_ads_search",
            "storage_billing_model": "",
            "terraform_labels": {
              "goog-terraform-provisioned": "true",
              "managed-by-cnrm": "true"
            },
            "timeouts": null
          },
          "sensitive_attributes": [],
          "private": "eyJlMmJmYjczMC1lY2FhLTExZTYtOGY4OC0zNDM2M2JjN2M0YzAiOnsiY3JlYXRlIjoxMjAwMDAwMDAwMDAwLCJkZWxldGUiOjEyMDAwMDAwMDAwMDAsInVwZGF0ZSI6MTIwMDAwMDAwMDAwMH19"
        }
      ]
    },
    {
      "module": "module.bigquerydataset",
      "mode": "managed",
      "type": "google_bigquery_dataset",
      "name": "google_ads_search_transformed__ao_social_boosting",
      "provider": "provider[\"registry.terraform.io/hashicorp/google\"]",
      "instances": [
        {
          "schema_version": 0,
          "attributes": {
            "access": [
              {
                "condition": [],
                "dataset": [],
                "domain": "",
                "group_by_email": "",
                "iam_member": "",
                "role": "OWNER",
                "routine": [],
                "special_group": "",
                "user_by_email": "peter@wearetogether.co.nz",
                "view": []
              },
              {
                "condition": [],
                "dataset": [],
                "domain": "",
                "group_by_email": "",
                "iam_member": "",
                "role": "OWNER",
                "routine": [],
                "special_group": "projectOwners",
                "user_by_email": "",
                "view": []
              },
              {
                "condition": [],
                "dataset": [],
                "domain": "",
                "group_by_email": "",
                "iam_member": "",
                "role": "READER",
                "routine": [],
                "special_group": "projectReaders",
                "user_by_email": "",
                "view": []
              },
              {
                "condition": [],
                "dataset": [],
                "domain": "",
                "group_by_email": "",
                "iam_member": "",
                "role": "WRITER",
                "routine": [],
                "special_group": "projectWriters",
                "user_by_email": "",
                "view": []
              }
            ],
            "creation_time": 1775119434075,
            "dataset_id": "google_ads_search_transformed__ao_social_boosting",
            "default_collation": "",
            "default_encryption_configuration": [],
            "default_partition_expiration_ms": 0,
            "default_table_expiration_ms": 0,
            "delete_contents_on_destroy": false,
            "description": "",
            "effective_labels": {
              "goog-terraform-provisioned": "true",
              "managed-by-cnrm": "true"
            },
            "etag": "VRfHR3bxxr2OWDepEGVXsw==",
            "external_catalog_dataset_options": [],
            "external_dataset_reference": [],
            "friendly_name": "",
            "id": "projects/kiwibank-main/datasets/google_ads_search_transformed__ao_social_boosting",
            "is_case_insensitive": false,
            "labels": {
              "managed-by-cnrm": "true"
            },
            "last_modified_time": 1775119434075,
            "location": "australia-southeast1",
            "max_time_travel_hours": "168",
            "project": "kiwibank-main",
            "resource_tags": {},
            "self_link": "https://bigquery.googleapis.com/bigquery/v2/projects/kiwibank-main/datasets/google_ads_search_transformed__ao_social_boosting",
            "storage_billing_model": "",
            "terraform_labels": {
              "goog-terraform-provisioned": "true",
              "managed-by-cnrm": "true"
            },
            "timeouts": null
          },
          "sensitive_attributes": [],
          "private": "eyJlMmJmYjczMC1lY2FhLTExZTYtOGY4OC0zNDM2M2JjN2M0YzAiOnsiY3JlYXRlIjoxMjAwMDAwMDAwMDAwLCJkZWxldGUiOjEyMDAwMDAwMDAwMDAsInVwZGF0ZSI6MTIwMDAwMDAwMDAwMH19"
        }
      ]
    },
    {
      "module": "module.bigquerydataset",
      "mode": "managed",
      "type": "google_bigquery_dataset",
      "name": "google_ads_search_transformed__business_banking",
      "provider": "provider[\"registry.terraform.io/hashicorp/google\"]",
      "instances": [
        {
          "schema_version": 0,
          "attributes": {
            "access": [
              {
                "condition": [],
                "dataset": [],
                "domain": "",
                "group_by_email": "",
                "iam_member": "",
                "role": "OWNER",
                "routine": [],
                "special_group": "",
                "user_by_email": "peter@wearetogether.co.nz",
                "view": []
              },
              {
                "condition": [],
                "dataset": [],
                "domain": "",
                "group_by_email": "",
                "iam_member": "",
                "role": "OWNER",
                "routine": [],
                "special_group": "projectOwners",
                "user_by_email": "",
                "view": []
              },
              {
                "condition": [],
                "dataset": [],
                "domain": "",
                "group_by_email": "",
                "iam_member": "",
                "role": "READER",
                "routine": [],
                "special_group": "projectReaders",
                "user_by_email": "",
                "view": []
              },
              {
                "condition": [],
                "dataset": [],
                "domain": "",
                "group_by_email": "",
                "iam_member": "",
                "role": "WRITER",
                "routine": [],
                "special_group": "projectWriters",
                "user_by_email": "",
                "view": []
              }
            ],
            "creation_time": 1775119423472,
            "dataset_id": "google_ads_search_transformed__business_banking",
            "default_collation": "",
            "default_encryption_configuration": [],
            "default_partition_expiration_ms": 0,
            "default_table_expiration_ms": 0,
            "delete_contents_on_destroy": false,
            "description": "",
            "effective_labels": {
              "goog-terraform-provisioned": "true",
              "managed-by-cnrm": "true"
            },
            "etag": "5vTDx0HiU0mX8OwUiwa5Eg==",
            "external_catalog_dataset_options": [],
            "external_dataset_reference": [],
            "friendly_name": "",
            "id": "projects/kiwibank-main/datasets/google_ads_search_transformed__business_banking",
            "is_case_insensitive": false,
            "labels": {
              "managed-by-cnrm": "true"
            },
            "last_modified_time": 1775119423472,
            "location": "australia-southeast1",
            "max_time_travel_hours": "168",
            "project": "kiwibank-main",
            "resource_tags": {},
            "self_link": "https://bigquery.googleapis.com/bigquery/v2/projects/kiwibank-main/datasets/google_ads_search_transformed__business_banking",
            "storage_billing_model": "",
            "terraform_labels": {
              "goog-terraform-provisioned": "true",
              "managed-by-cnrm": "true"
            },
            "timeouts": null
          },
          "sensitive_attributes": [],
          "private": "eyJlMmJmYjczMC1lY2FhLTExZTYtOGY4OC0zNDM2M2JjN2M0YzAiOnsiY3JlYXRlIjoxMjAwMDAwMDAwMDAwLCJkZWxldGUiOjEyMDAwMDAwMDAwMDAsInVwZGF0ZSI6MTIwMDAwMDAwMDAwMH19"
        }
      ]
    },
    {
      "module": "module.bigquerydataset",
      "mode": "managed",
      "type": "google_bigquery_dataset",
      "name": "google_ads_search_transformed__credit_card",
      "provider": "provider[\"registry.terraform.io/hashicorp/google\"]",
      "instances": [
        {
          "schema_version": 0,
          "attributes": {
            "access": [
              {
                "condition": [],
                "dataset": [],
                "domain": "",
                "group_by_email": "",
                "iam_member": "",
                "role": "OWNER",
                "routine": [],
                "special_group": "",
                "user_by_email": "peter@wearetogether.co.nz",
                "view": []
              },
              {
                "condition": [],
                "dataset": [],
                "domain": "",
                "group_by_email": "",
                "iam_member": "",
                "role": "OWNER",
                "routine": [],
                "special_group": "projectOwners",
                "user_by_email": "",
                "view": []
              },
              {
                "condition": [],
                "dataset": [],
                "domain": "",
                "group_by_email": "",
                "iam_member": "",
                "role": "READER",
                "routine": [],
                "special_group": "projectReaders",
                "user_by_email": "",
                "view": []
              },
              {
                "condition": [],
                "dataset": [],
                "domain": "",
                "group_by_email": "",
                "iam_member": "",
                "role": "WRITER",
                "routine": [],
                "special_group": "projectWriters",
                "user_by_email": "",
                "view": []
              }
            ],
            "creation_time": 1775119422483,
            "dataset_id": "google_ads_search_transformed__credit_card",
            "default_collation": "",
            "default_encryption_configuration": [],
            "default_partition_expiration_ms": 0,
            "default_table_expiration_ms": 0,
            "delete_contents_on_destroy": false,
            "description": "",
            "effective_labels": {
              "goog-terraform-provisioned": "true",
              "managed-by-cnrm": "true"
            },
            "etag": "HrUiKzgMhgOzA77Ok9KrWA==",
            "external_catalog_dataset_options": [],
            "external_dataset_reference": [],
            "friendly_name": "",
            "id": "projects/kiwibank-main/datasets/google_ads_search_transformed__credit_card",
            "is_case_insensitive": false,
            "labels": {
              "managed-by-cnrm": "true"
            },
            "last_modified_time": 1775119422483,
            "location": "australia-southeast1",
            "max_time_travel_hours": "168",
            "project": "kiwibank-main",
            "resource_tags": {},
            "self_link": "https://bigquery.googleapis.com/bigquery/v2/projects/kiwibank-main/datasets/google_ads_search_transformed__credit_card",
            "storage_billing_model": "",
            "terraform_labels": {
              "goog-terraform-provisioned": "true",
              "managed-by-cnrm": "true"
            },
            "timeouts": null
          },
          "sensitive_attributes": [],
          "private": "eyJlMmJmYjczMC1lY2FhLTExZTYtOGY4OC0zNDM2M2JjN2M0YzAiOnsiY3JlYXRlIjoxMjAwMDAwMDAwMDAwLCJkZWxldGUiOjEyMDAwMDAwMDAwMDAsInVwZGF0ZSI6MTIwMDAwMDAwMDAwMH19"
        }
      ]
    },
    {
      "module": "module.bigquerydataset",
      "mode": "managed",
      "type": "google_bigquery_dataset",
      "name": "google_ads_search_transformed__everyday_banking_join_kiwibank",
      "provider": "provider[\"registry.terraform.io/hashicorp/google\"]",
      "instances": [
        {
          "schema_version": 0,
          "attributes": {
            "access": [
              {
                "condition": [],
                "dataset": [],
                "domain": "",
                "group_by_email": "",
                "iam_member": "",
                "role": "OWNER",
                "routine": [],
                "special_group": "",
                "user_by_email": "peter@wearetogether.co.nz",
                "view": []
              },
              {
                "condition": [],
                "dataset": [],
                "domain": "",
                "group_by_email": "",
                "iam_member": "",
                "role": "OWNER",
                "routine": [],
                "special_group": "projectOwners",
                "user_by_email": "",
                "view": []
              },
              {
                "condition": [],
                "dataset": [],
                "domain": "",
                "group_by_email": "",
                "iam_member": "",
                "role": "READER",
                "routine": [],
                "special_group": "projectReaders",
                "user_by_email": "",
                "view": []
              },
              {
                "condition": [],
                "dataset": [],
                "domain": "",
                "group_by_email": "",
                "iam_member": "",
                "role": "WRITER",
                "routine": [],
                "special_group": "projectWriters",
                "user_by_email": "",
                "view": []
              }
            ],
            "creation_time": 1775119435177,
            "dataset_id": "google_ads_search_transformed__everyday_banking_join_kiwibank",
            "default_collation": "",
            "default_encryption_configuration": [],
            "default_partition_expiration_ms": 0,
            "default_table_expiration_ms": 0,
            "delete_contents_on_destroy": false,
            "description": "",
            "effective_labels": {
              "goog-terraform-provisioned": "true",
              "managed-by-cnrm": "true"
            },
            "etag": "cQLWjYd8PlS7X9kYA2s61Q==",
            "external_catalog_dataset_options": [],
            "external_dataset_reference": [],
            "friendly_name": "",
            "id": "projects/kiwibank-main/datasets/google_ads_search_transformed__everyday_banking_join_kiwibank",
            "is_case_insensitive": false,
            "labels": {
              "managed-by-cnrm": "true"
            },
            "last_modified_time": 1775119435177,
            "location": "australia-southeast1",
            "max_time_travel_hours": "168",
            "project": "kiwibank-main",
            "resource_tags": {},
            "self_link": "https://bigquery.googleapis.com/bigquery/v2/projects/kiwibank-main/datasets/google_ads_search_transformed__everyday_banking_join_kiwibank",
            "storage_billing_model": "",
            "terraform_labels": {
              "goog-terraform-provisioned": "true",
              "managed-by-cnrm": "true"
            },
            "timeouts": null
          },
          "sensitive_attributes": [],
          "private": "eyJlMmJmYjczMC1lY2FhLTExZTYtOGY4OC0zNDM2M2JjN2M0YzAiOnsiY3JlYXRlIjoxMjAwMDAwMDAwMDAwLCJkZWxldGUiOjEyMDAwMDAwMDAwMDAsInVwZGF0ZSI6MTIwMDAwMDAwMDAwMH19"
        }
      ]
    },
    {
      "module": "module.bigquerydataset",
      "mode": "managed",
      "type": "google_bigquery_dataset",
      "name": "google_ads_search_transformed__everyday_banking_retail_deposit",
      "provider": "provider[\"registry.terraform.io/hashicorp/google\"]",
      "instances": [
        {
          "schema_version": 0,
          "attributes": {
            "access": [
              {
                "condition": [],
                "dataset": [],
                "domain": "",
                "group_by_email": "",
                "iam_member": "",
                "role": "OWNER",
                "routine": [],
                "special_group": "",
                "user_by_email": "peter@wearetogether.co.nz",
                "view": []
              },
              {
                "condition": [],
                "dataset": [],
                "domain": "",
                "group_by_email": "",
                "iam_member": "",
                "role": "OWNER",
                "routine": [],
                "special_group": "projectOwners",
                "user_by_email": "",
                "view": []
              },
              {
                "condition": [],
                "dataset": [],
                "domain": "",
                "group_by_email": "",
                "iam_member": "",
                "role": "READER",
                "routine": [],
                "special_group": "projectReaders",
                "user_by_email": "",
                "view": []
              },
              {
                "condition": [],
                "dataset": [],
                "domain": "",
                "group_by_email": "",
                "iam_member": "",
                "role": "WRITER",
                "routine": [],
                "special_group": "projectWriters",
                "user_by_email": "",
                "view": []
              }
            ],
            "creation_time": 1775119423475,
            "dataset_id": "google_ads_search_transformed__everyday_banking_retail_deposit",
            "default_collation": "",
            "default_encryption_configuration": [],
            "default_partition_expiration_ms": 0,
            "default_table_expiration_ms": 0,
            "delete_contents_on_destroy": false,
            "description": "",
            "effective_labels": {
              "goog-terraform-provisioned": "true",
              "managed-by-cnrm": "true"
            },
            "etag": "YhvdsowAjjJCcadakDkE9w==",
            "external_catalog_dataset_options": [],
            "external_dataset_reference": [],
            "friendly_name": "",
            "id": "projects/kiwibank-main/datasets/google_ads_search_transformed__everyday_banking_retail_deposit",
            "is_case_insensitive": false,
            "labels": {
              "managed-by-cnrm": "true"
            },
            "last_modified_time": 1775119423475,
            "location": "australia-southeast1",
            "max_time_travel_hours": "168",
            "project": "kiwibank-main",
            "resource_tags": {},
            "self_link": "https://bigquery.googleapis.com/bigquery/v2/projects/kiwibank-main/datasets/google_ads_search_transformed__everyday_banking_retail_deposit",
            "storage_billing_model": "",
            "terraform_labels": {
              "goog-terraform-provisioned": "true",
              "managed-by-cnrm": "true"
            },
            "timeouts": null
          },
          "sensitive_attributes": [],
          "private": "eyJlMmJmYjczMC1lY2FhLTExZTYtOGY4OC0zNDM2M2JjN2M0YzAiOnsiY3JlYXRlIjoxMjAwMDAwMDAwMDAwLCJkZWxldGUiOjEyMDAwMDAwMDAwMDAsInVwZGF0ZSI6MTIwMDAwMDAwMDAwMH19"
        }
      ]
    },
    {
      "module": "module.bigquerydataset",
      "mode": "managed",
      "type": "google_bigquery_dataset",
      "name": "google_ads_search_transformed__fraud_and_scams",
      "provider": "provider[\"registry.terraform.io/hashicorp/google\"]",
      "instances": [
        {
          "schema_version": 0,
          "attributes": {
            "access": [
              {
                "condition": [],
                "dataset": [],
                "domain": "",
                "group_by_email": "",
                "iam_member": "",
                "role": "OWNER",
                "routine": [],
                "special_group": "",
                "user_by_email": "peter@wearetogether.co.nz",
                "view": []
              },
              {
                "condition": [],
                "dataset": [],
                "domain": "",
                "group_by_email": "",
                "iam_member": "",
                "role": "OWNER",
                "routine": [],
                "special_group": "projectOwners",
                "user_by_email": "",
                "view": []
              },
              {
                "condition": [],
                "dataset": [],
                "domain": "",
                "group_by_email": "",
                "iam_member": "",
                "role": "READER",
                "routine": [],
                "special_group": "projectReaders",
                "user_by_email": "",
                "view": []
              },
              {
                "condition": [],
                "dataset": [],
                "domain": "",
                "group_by_email": "",
                "iam_member": "",
                "role": "WRITER",
                "routine": [],
                "special_group": "projectWriters",
                "user_by_email": "",
                "view": []
              }
            ],
            "creation_time": 1775119421980,
            "dataset_id": "google_ads_search_transformed__fraud_and_scams",
            "default_collation": "",
            "default_encryption_configuration": [],
            "default_partition_expiration_ms": 0,
            "default_table_expiration_ms": 0,
            "delete_contents_on_destroy": false,
            "description": "",
            "effective_labels": {
              "goog-terraform-provisioned": "true",
              "managed-by-cnrm": "true"
            },
            "etag": "ys3y7DInsMSWC+4hZTm6SA==",
            "external_catalog_dataset_options": [],
            "external_dataset_reference": [],
            "friendly_name": "",
            "id": "projects/kiwibank-main/datasets/google_ads_search_transformed__fraud_and_scams",
            "is_case_insensitive": false,
            "labels": {
              "managed-by-cnrm": "true"
            },
            "last_modified_time": 1775119421980,
            "location": "australia-southeast1",
            "max_time_travel_hours": "168",
            "project": "kiwibank-main",
            "resource_tags": {},
            "self_link": "https://bigquery.googleapis.com/bigquery/v2/projects/kiwibank-main/datasets/google_ads_search_transformed__fraud_and_scams",
            "storage_billing_model": "",
            "terraform_labels": {
              "goog-terraform-provisioned": "true",
              "managed-by-cnrm": "true"
            },
            "timeouts": null
          },
          "sensitive_attributes": [],
          "private": "eyJlMmJmYjczMC1lY2FhLTExZTYtOGY4OC0zNDM2M2JjN2M0YzAiOnsiY3JlYXRlIjoxMjAwMDAwMDAwMDAwLCJkZWxldGUiOjEyMDAwMDAwMDAwMDAsInVwZGF0ZSI6MTIwMDAwMDAwMDAwMH19"
        }
      ]
    },
    {
      "module": "module.bigquerydataset",
      "mode": "managed",
      "type": "google_bigquery_dataset",
      "name": "google_ads_search_transformed__home_loan",
      "provider": "provider[\"registry.terraform.io/hashicorp/google\"]",
      "instances": [
        {
          "schema_version": 0,
          "attributes": {
            "access": [
              {
                "condition": [],
                "dataset": [],
                "domain": "",
                "group_by_email": "",
                "iam_member": "",
                "role": "OWNER",
                "routine": [],
                "special_group": "",
                "user_by_email": "peter@wearetogether.co.nz",
                "view": []
              },
              {
                "condition": [],
                "dataset": [],
                "domain": "",
                "group_by_email": "",
                "iam_member": "",
                "role": "OWNER",
                "routine": [],
                "special_group": "projectOwners",
                "user_by_email": "",
                "view": []
              },
              {
                "condition": [],
                "dataset": [],
                "domain": "",
                "group_by_email": "",
                "iam_member": "",
                "role": "READER",
                "routine": [],
                "special_group": "projectReaders",
                "user_by_email": "",
                "view": []
              },
              {
                "condition": [],
                "dataset": [],
                "domain": "",
                "group_by_email": "",
                "iam_member": "",
                "role": "WRITER",
                "routine": [],
                "special_group": "projectWriters",
                "user_by_email": "",
                "view": []
              }
            ],
            "creation_time": 1775119418178,
            "dataset_id": "google_ads_search_transformed__home_loan",
            "default_collation": "",
            "default_encryption_configuration": [],
            "default_partition_expiration_ms": 0,
            "default_table_expiration_ms": 0,
            "delete_contents_on_destroy": false,
            "description": "",
            "effective_labels": {
              "goog-terraform-provisioned": "true",
              "managed-by-cnrm": "true"
            },
            "etag": "4Dh+TivJh2ypDxnQTshyUA==",
            "external_catalog_dataset_options": [],
            "external_dataset_reference": [],
            "friendly_name": "",
            "id": "projects/kiwibank-main/datasets/google_ads_search_transformed__home_loan",
            "is_case_insensitive": false,
            "labels": {
              "managed-by-cnrm": "true"
            },
            "last_modified_time": 1775119418178,
            "location": "australia-southeast1",
            "max_time_travel_hours": "168",
            "project": "kiwibank-main",
            "resource_tags": {},
            "self_link": "https://bigquery.googleapis.com/bigquery/v2/projects/kiwibank-main/datasets/google_ads_search_transformed__home_loan",
            "storage_billing_model": "",
            "terraform_labels": {
              "goog-terraform-provisioned": "true",
              "managed-by-cnrm": "true"
            },
            "timeouts": null
          },
          "sensitive_attributes": [],
          "private": "eyJlMmJmYjczMC1lY2FhLTExZTYtOGY4OC0zNDM2M2JjN2M0YzAiOnsiY3JlYXRlIjoxMjAwMDAwMDAwMDAwLCJkZWxldGUiOjEyMDAwMDAwMDAwMDAsInVwZGF0ZSI6MTIwMDAwMDAwMDAwMH19"
        }
      ]
    },
    {
      "module": "module.bigquerydataset",
      "mode": "managed",
      "type": "google_bigquery_dataset",
      "name": "hivestack_raw",
      "provider": "provider[\"registry.terraform.io/hashicorp/google\"]",
      "instances": [
        {
          "schema_version": 0,
          "attributes": {
            "access": [
              {
                "condition": [],
                "dataset": [],
                "domain": "",
                "group_by_email": "",
                "iam_member": "",
                "role": "OWNER",
                "routine": [],
                "special_group": "",
                "user_by_email": "peter@wearetogether.co.nz",
                "view": []
              },
              {
                "condition": [],
                "dataset": [],
                "domain": "",
                "group_by_email": "",
                "iam_member": "",
                "role": "OWNER",
                "routine": [],
                "special_group": "projectOwners",
                "user_by_email": "",
                "view": []
              },
              {
                "condition": [],
                "dataset": [],
                "domain": "",
                "group_by_email": "",
                "iam_member": "",
                "role": "READER",
                "routine": [],
                "special_group": "projectReaders",
                "user_by_email": "",
                "view": []
              },
              {
                "condition": [],
                "dataset": [],
                "domain": "",
                "group_by_email": "",
                "iam_member": "",
                "role": "WRITER",
                "routine": [],
                "special_group": "projectWriters",
                "user_by_email": "",
                "view": []
              }
            ],
            "creation_time": 1775128043982,
            "dataset_id": "hivestack_raw",
            "default_collation": "",
            "default_encryption_configuration": [],
            "default_partition_expiration_ms": 0,
            "default_table_expiration_ms": 0,
            "delete_contents_on_destroy": false,
            "description": "",
            "effective_labels": {
              "goog-terraform-provisioned": "true",
              "managed-by-cnrm": "true"
            },
            "etag": "xZKac6q13k1svjEwOOFuFA==",
            "external_catalog_dataset_options": [],
            "external_dataset_reference": [],
            "friendly_name": "",
            "id": "projects/kiwibank-main/datasets/hivestack_raw",
            "is_case_insensitive": false,
            "labels": {
              "managed-by-cnrm": "true"
            },
            "last_modified_time": 1775128043982,
            "location": "australia-southeast1",
            "max_time_travel_hours": "168",
            "project": "kiwibank-main",
            "resource_tags": null,
            "self_link": "https://bigquery.googleapis.com/bigquery/v2/projects/kiwibank-main/datasets/hivestack_raw",
            "storage_billing_model": "",
            "terraform_labels": {
              "goog-terraform-provisioned": "true",
              "managed-by-cnrm": "true"
            },
            "timeouts": null
          },
          "sensitive_attributes": [],
          "private": "eyJlMmJmYjczMC1lY2FhLTExZTYtOGY4OC0zNDM2M2JjN2M0YzAiOnsiY3JlYXRlIjoxMjAwMDAwMDAwMDAwLCJkZWxldGUiOjEyMDAwMDAwMDAwMDAsInVwZGF0ZSI6MTIwMDAwMDAwMDAwMH19"
        }
      ]
    },
    {
      "module": "module.bigquerydataset",
      "mode": "managed",
      "type": "google_bigquery_dataset",
      "name": "hivestack_transformed",
      "provider": "provider[\"registry.terraform.io/hashicorp/google\"]",
      "instances": [
        {
          "schema_version": 0,
          "attributes": {
            "access": [
              {
                "condition": [],
                "dataset": [],
                "domain": "",
                "group_by_email": "",
                "iam_member": "",
                "role": "OWNER",
                "routine": [],
                "special_group": "",
                "user_by_email": "peter@wearetogether.co.nz",
                "view": []
              },
              {
                "condition": [],
                "dataset": [],
                "domain": "",
                "group_by_email": "",
                "iam_member": "",
                "role": "OWNER",
                "routine": [],
                "special_group": "projectOwners",
                "user_by_email": "",
                "view": []
              },
              {
                "condition": [],
                "dataset": [],
                "domain": "",
                "group_by_email": "",
                "iam_member": "",
                "role": "READER",
                "routine": [],
                "special_group": "projectReaders",
                "user_by_email": "",
                "view": []
              },
              {
                "condition": [],
                "dataset": [],
                "domain": "",
                "group_by_email": "",
                "iam_member": "",
                "role": "WRITER",
                "routine": [],
                "special_group": "projectWriters",
                "user_by_email": "",
                "view": []
              }
            ],
            "creation_time": 1775128043869,
            "dataset_id": "hivestack_transformed",
            "default_collation": "",
            "default_encryption_configuration": [],
            "default_partition_expiration_ms": 0,
            "default_table_expiration_ms": 0,
            "delete_contents_on_destroy": false,
            "description": "",
            "effective_labels": {
              "goog-terraform-provisioned": "true",
              "managed-by-cnrm": "true"
            },
            "etag": "2Ev8SP+YXNTzJEr2srotJw==",
            "external_catalog_dataset_options": [],
            "external_dataset_reference": [],
            "friendly_name": "",
            "id": "projects/kiwibank-main/datasets/hivestack_transformed",
            "is_case_insensitive": false,
            "labels": {
              "managed-by-cnrm": "true"
            },
            "last_modified_time": 1775128043869,
            "location": "australia-southeast1",
            "max_time_travel_hours": "168",
            "project": "kiwibank-main",
            "resource_tags": null,
            "self_link": "https://bigquery.googleapis.com/bigquery/v2/projects/kiwibank-main/datasets/hivestack_transformed",
            "storage_billing_model": "",
            "terraform_labels": {
              "goog-terraform-provisioned": "true",
              "managed-by-cnrm": "true"
            },
            "timeouts": null
          },
          "sensitive_attributes": [],
          "private": "eyJlMmJmYjczMC1lY2FhLTExZTYtOGY4OC0zNDM2M2JjN2M0YzAiOnsiY3JlYXRlIjoxMjAwMDAwMDAwMDAwLCJkZWxldGUiOjEyMDAwMDAwMDAwMDAsInVwZGF0ZSI6MTIwMDAwMDAwMDAwMH19"
        }
      ]
    },
    {
      "module": "module.bigquerydataset",
      "mode": "managed",
      "type": "google_bigquery_dataset",
      "name": "linkedin_raw",
      "provider": "provider[\"registry.terraform.io/hashicorp/google\"]",
      "instances": [
        {
          "schema_version": 0,
          "attributes": {
            "access": [
              {
                "condition": [],
                "dataset": [],
                "domain": "",
                "group_by_email": "",
                "iam_member": "",
                "role": "OWNER",
                "routine": [],
                "special_group": "",
                "user_by_email": "peter@wearetogether.co.nz",
                "view": []
              },
              {
                "condition": [],
                "dataset": [],
                "domain": "",
                "group_by_email": "",
                "iam_member": "",
                "role": "OWNER",
                "routine": [],
                "special_group": "projectOwners",
                "user_by_email": "",
                "view": []
              },
              {
                "condition": [],
                "dataset": [],
                "domain": "",
                "group_by_email": "",
                "iam_member": "",
                "role": "READER",
                "routine": [],
                "special_group": "projectReaders",
                "user_by_email": "",
                "view": []
              },
              {
                "condition": [],
                "dataset": [],
                "domain": "",
                "group_by_email": "",
                "iam_member": "",
                "role": "WRITER",
                "routine": [],
                "special_group": "projectWriters",
                "user_by_email": "",
                "view": []
              }
            ],
            "creation_time": 1775128043185,
            "dataset_id": "linkedin_raw",
            "default_collation": "",
            "default_encryption_configuration": [],
            "default_partition_expiration_ms": 0,
            "default_table_expiration_ms": 0,
            "delete_contents_on_destroy": false,
            "description": "",
            "effective_labels": {
              "goog-terraform-provisioned": "true",
              "managed-by-cnrm": "true"
            },
            "etag": "o3+QUhGWboa/v8b04Lf51w==",
            "external_catalog_dataset_options": [],
            "external_dataset_reference": [],
            "friendly_name": "",
            "id": "projects/kiwibank-main/datasets/linkedin_raw",
            "is_case_insensitive": false,
            "labels": {
              "managed-by-cnrm": "true"
            },
            "last_modified_time": 1775128043185,
            "location": "australia-southeast1",
            "max_time_travel_hours": "168",
            "project": "kiwibank-main",
            "resource_tags": null,
            "self_link": "https://bigquery.googleapis.com/bigquery/v2/projects/kiwibank-main/datasets/linkedin_raw",
            "storage_billing_model": "",
            "terraform_labels": {
              "goog-terraform-provisioned": "true",
              "managed-by-cnrm": "true"
            },
            "timeouts": null
          },
          "sensitive_attributes": [],
          "private": "eyJlMmJmYjczMC1lY2FhLTExZTYtOGY4OC0zNDM2M2JjN2M0YzAiOnsiY3JlYXRlIjoxMjAwMDAwMDAwMDAwLCJkZWxldGUiOjEyMDAwMDAwMDAwMDAsInVwZGF0ZSI6MTIwMDAwMDAwMDAwMH19"
        }
      ]
    },
    {
      "module": "module.bigquerydataset",
      "mode": "managed",
      "type": "google_bigquery_dataset",
      "name": "linkedin_transformed",
      "provider": "provider[\"registry.terraform.io/hashicorp/google\"]",
      "instances": [
        {
          "schema_version": 0,
          "attributes": {
            "access": [
              {
                "condition": [],
                "dataset": [],
                "domain": "",
                "group_by_email": "",
                "iam_member": "",
                "role": "OWNER",
                "routine": [],
                "special_group": "",
                "user_by_email": "peter@wearetogether.co.nz",
                "view": []
              },
              {
                "condition": [],
                "dataset": [],
                "domain": "",
                "group_by_email": "",
                "iam_member": "",
                "role": "OWNER",
                "routine": [],
                "special_group": "projectOwners",
                "user_by_email": "",
                "view": []
              },
              {
                "condition": [],
                "dataset": [],
                "domain": "",
                "group_by_email": "",
                "iam_member": "",
                "role": "READER",
                "routine": [],
                "special_group": "projectReaders",
                "user_by_email": "",
                "view": []
              },
              {
                "condition": [],
                "dataset": [],
                "domain": "",
                "group_by_email": "",
                "iam_member": "",
                "role": "WRITER",
                "routine": [],
                "special_group": "projectWriters",
                "user_by_email": "",
                "view": []
              }
            ],
            "creation_time": 1775128043765,
            "dataset_id": "linkedin_transformed",
            "default_collation": "",
            "default_encryption_configuration": [],
            "default_partition_expiration_ms": 0,
            "default_table_expiration_ms": 0,
            "delete_contents_on_destroy": false,
            "description": "",
            "effective_labels": {
              "goog-terraform-provisioned": "true",
              "managed-by-cnrm": "true"
            },
            "etag": "cMZAV7S94G8jkIaahQBcDA==",
            "external_catalog_dataset_options": [],
            "external_dataset_reference": [],
            "friendly_name": "",
            "id": "projects/kiwibank-main/datasets/linkedin_transformed",
            "is_case_insensitive": false,
            "labels": {
              "managed-by-cnrm": "true"
            },
            "last_modified_time": 1775128043765,
            "location": "australia-southeast1",
            "max_time_travel_hours": "168",
            "project": "kiwibank-main",
            "resource_tags": null,
            "self_link": "https://bigquery.googleapis.com/bigquery/v2/projects/kiwibank-main/datasets/linkedin_transformed",
            "storage_billing_model": "",
            "terraform_labels": {
              "goog-terraform-provisioned": "true",
              "managed-by-cnrm": "true"
            },
            "timeouts": null
          },
          "sensitive_attributes": [],
          "private": "eyJlMmJmYjczMC1lY2FhLTExZTYtOGY4OC0zNDM2M2JjN2M0YzAiOnsiY3JlYXRlIjoxMjAwMDAwMDAwMDAwLCJkZWxldGUiOjEyMDAwMDAwMDAwMDAsInVwZGF0ZSI6MTIwMDAwMDAwMDAwMH19"
        }
      ]
    },
    {
      "module": "module.bigquerydataset",
      "mode": "managed",
      "type": "google_bigquery_dataset",
      "name": "tiktok_raw",
      "provider": "provider[\"registry.terraform.io/hashicorp/google\"]",
      "instances": [
        {
          "schema_version": 0,
          "attributes": {
            "access": [
              {
                "condition": [],
                "dataset": [],
                "domain": "",
                "group_by_email": "",
                "iam_member": "",
                "role": "OWNER",
                "routine": [],
                "special_group": "",
                "user_by_email": "peter@wearetogether.co.nz",
                "view": []
              },
              {
                "condition": [],
                "dataset": [],
                "domain": "",
                "group_by_email": "",
                "iam_member": "",
                "role": "OWNER",
                "routine": [],
                "special_group": "projectOwners",
                "user_by_email": "",
                "view": []
              },
              {
                "condition": [],
                "dataset": [],
                "domain": "",
                "group_by_email": "",
                "iam_member": "",
                "role": "READER",
                "routine": [],
                "special_group": "projectReaders",
                "user_by_email": "",
                "view": []
              },
              {
                "condition": [],
                "dataset": [],
                "domain": "",
                "group_by_email": "",
                "iam_member": "",
                "role": "WRITER",
                "routine": [],
                "special_group": "projectWriters",
                "user_by_email": "",
                "view": []
              }
            ],
            "creation_time": 1775128042960,
            "dataset_id": "tiktok_raw",
            "default_collation": "",
            "default_encryption_configuration": [],
            "default_partition_expiration_ms": 0,
            "default_table_expiration_ms": 0,
            "delete_contents_on_destroy": false,
            "description": "",
            "effective_labels": {
              "goog-terraform-provisioned": "true",
              "managed-by-cnrm": "true"
            },
            "etag": "U5ZDYnNH50MgtZNnrlSKyg==",
            "external_catalog_dataset_options": [],
            "external_dataset_reference": [],
            "friendly_name": "",
            "id": "projects/kiwibank-main/datasets/tiktok_raw",
            "is_case_insensitive": false,
            "labels": {
              "managed-by-cnrm": "true"
            },
            "last_modified_time": 1775128042960,
            "location": "australia-southeast1",
            "max_time_travel_hours": "168",
            "project": "kiwibank-main",
            "resource_tags": null,
            "self_link": "https://bigquery.googleapis.com/bigquery/v2/projects/kiwibank-main/datasets/tiktok_raw",
            "storage_billing_model": "",
            "terraform_labels": {
              "goog-terraform-provisioned": "true",
              "managed-by-cnrm": "true"
            },
            "timeouts": null
          },
          "sensitive_attributes": [],
          "private": "eyJlMmJmYjczMC1lY2FhLTExZTYtOGY4OC0zNDM2M2JjN2M0YzAiOnsiY3JlYXRlIjoxMjAwMDAwMDAwMDAwLCJkZWxldGUiOjEyMDAwMDAwMDAwMDAsInVwZGF0ZSI6MTIwMDAwMDAwMDAwMH19"
        }
      ]
    },
    {
      "module": "module.bigquerydataset",
      "mode": "managed",
      "type": "google_bigquery_dataset",
      "name": "tiktok_transformed",
      "provider": "provider[\"registry.terraform.io/hashicorp/google\"]",
      "instances": [
        {
          "schema_version": 0,
          "attributes": {
            "access": [
              {
                "condition": [],
                "dataset": [],
                "domain": "",
                "group_by_email": "",
                "iam_member": "",
                "role": "OWNER",
                "routine": [],
                "special_group": "",
                "user_by_email": "peter@wearetogether.co.nz",
                "view": []
              },
              {
                "condition": [],
                "dataset": [],
                "domain": "",
                "group_by_email": "",
                "iam_member": "",
                "role": "OWNER",
                "routine": [],
                "special_group": "projectOwners",
                "user_by_email": "",
                "view": []
              },
              {
                "condition": [],
                "dataset": [],
                "domain": "",
                "group_by_email": "",
                "iam_member": "",
                "role": "READER",
                "routine": [],
                "special_group": "projectReaders",
                "user_by_email": "",
                "view": []
              },
              {
                "condition": [],
                "dataset": [],
                "domain": "",
                "group_by_email": "",
                "iam_member": "",
                "role": "WRITER",
                "routine": [],
                "special_group": "projectWriters",
                "user_by_email": "",
                "view": []
              }
            ],
            "creation_time": 1775128043582,
            "dataset_id": "tiktok_transformed",
            "default_collation": "",
            "default_encryption_configuration": [],
            "default_partition_expiration_ms": 0,
            "default_table_expiration_ms": 0,
            "delete_contents_on_destroy": false,
            "description": "",
            "effective_labels": {
              "goog-terraform-provisioned": "true",
              "managed-by-cnrm": "true"
            },
            "etag": "4+NmkLRHHbWu/wfQLX38Tw==",
            "external_catalog_dataset_options": [],
            "external_dataset_reference": [],
            "friendly_name": "",
            "id": "projects/kiwibank-main/datasets/tiktok_transformed",
            "is_case_insensitive": false,
            "labels": {
              "managed-by-cnrm": "true"
            },
            "last_modified_time": 1775128043582,
            "location": "australia-southeast1",
            "max_time_travel_hours": "168",
            "project": "kiwibank-main",
            "resource_tags": null,
            "self_link": "https://bigquery.googleapis.com/bigquery/v2/projects/kiwibank-main/datasets/tiktok_transformed",
            "storage_billing_model": "",
            "terraform_labels": {
              "goog-terraform-provisioned": "true",
              "managed-by-cnrm": "true"
            },
            "timeouts": null
          },
          "sensitive_attributes": [],
          "private": "eyJlMmJmYjczMC1lY2FhLTExZTYtOGY4OC0zNDM2M2JjN2M0YzAiOnsiY3JlYXRlIjoxMjAwMDAwMDAwMDAwLCJkZWxldGUiOjEyMDAwMDAwMDAwMDAsInVwZGF0ZSI6MTIwMDAwMDAwMDAwMH19"
        }
      ]
    },
    {
      "module": "module.google_iam_service_account",
      "mode": "managed",
      "type": "google_project_iam_member",
      "name": "meltano_artifact_registry_reader",
      "provider": "provider[\"registry.terraform.io/hashicorp/google\"]",
      "instances": [
        {
          "schema_version": 0,
          "attributes": {
            "condition": [],
            "etag": "BwZOdjPjv1Q=",
            "id": "kiwibank-main/roles/artifactregistry.reader/serviceAccount:together-meltano@together-internal.iam.gserviceaccount.com",
            "member": "serviceAccount:together-meltano@together-internal.iam.gserviceaccount.com",
            "project": "kiwibank-main",
            "role": "roles/artifactregistry.reader"
          },
          "sensitive_attributes": [],
          "private": "bnVsbA=="
        }
      ]
    },
    {
      "module": "module.google_iam_service_account",
      "mode": "managed",
      "type": "google_project_iam_member",
      "name": "meltano_bigquery_data_editor",
      "provider": "provider[\"registry.terraform.io/hashicorp/google\"]",
      "instances": [
        {
          "schema_version": 0,
          "attributes": {
            "condition": [],
            "etag": "BwZOdjPjv1Q=",
            "id": "kiwibank-main/roles/bigquery.dataEditor/serviceAccount:together-meltano@together-internal.iam.gserviceaccount.com",
            "member": "serviceAccount:together-meltano@together-internal.iam.gserviceaccount.com",
            "project": "kiwibank-main",
            "role": "roles/bigquery.dataEditor"
          },
          "sensitive_attributes": [],
          "private": "bnVsbA=="
        }
      ]
    },
    {
      "module": "module.google_iam_service_account",
      "mode": "managed",
      "type": "google_project_iam_member",
      "name": "meltano_bigquery_data_viewer",
      "provider": "provider[\"registry.terraform.io/hashicorp/google\"]",
      "instances": [
        {
          "schema_version": 0,
          "attributes": {
            "condition": [],
            "etag": "BwZOdjPjv1Q=",
            "id": "kiwibank-main/roles/bigquery.dataViewer/serviceAccount:together-meltano@together-internal.iam.gserviceaccount.com",
            "member": "serviceAccount:together-meltano@together-internal.iam.gserviceaccount.com",
            "project": "kiwibank-main",
            "role": "roles/bigquery.dataViewer"
          },
          "sensitive_attributes": [],
          "private": "bnVsbA=="
        }
      ]
    },
    {
      "module": "module.google_iam_service_account",
      "mode": "managed",
      "type": "google_project_iam_member",
      "name": "meltano_bigquery_job_user",
      "provider": "provider[\"registry.terraform.io/hashicorp/google\"]",
      "instances": [
        {
          "schema_version": 0,
          "attributes": {
            "condition": [],
            "etag": "BwZOdjPjv1Q=",
            "id": "kiwibank-main/roles/bigquery.jobUser/serviceAccount:together-meltano@together-internal.iam.gserviceaccount.com",
            "member": "serviceAccount:together-meltano@together-internal.iam.gserviceaccount.com",
            "project": "kiwibank-main",
            "role": "roles/bigquery.jobUser"
          },
          "sensitive_attributes": [],
          "private": "bnVsbA=="
        }
      ]
    },
    {
      "module": "module.google_iam_service_account",
      "mode": "managed",
      "type": "google_project_iam_member",
      "name": "meltano_storage_object_admin",
      "provider": "provider[\"registry.terraform.io/hashicorp/google\"]",
      "instances": [
        {
          "schema_version": 0,
          "attributes": {
            "condition": [],
            "etag": "BwZOdjPjv1Q=",
            "id": "kiwibank-main/roles/storage.objectAdmin/serviceAccount:together-meltano@together-internal.iam.gserviceaccount.com",
            "member": "serviceAccount:together-meltano@together-internal.iam.gserviceaccount.com",
            "project": "kiwibank-main",
            "role": "roles/storage.objectAdmin"
          },
          "sensitive_attributes": [],
          "private": "bnVsbA=="
        }
      ]
    },
    {
      "module": "module.google_iam_service_account",
      "mode": "managed",
      "type": "google_project_iam_member",
      "name": "sa_artifact_registry_writer",
      "provider": "provider[\"registry.terraform.io/hashicorp/google\"]",
      "instances": [
        {
          "schema_version": 0,
          "attributes": {
            "condition": [],
            "etag": "BwZOdjPjv1Q=",
            "id": "kiwibank-main/roles/artifactregistry.writer/serviceAccount:impact-ci-ci-cd-service-accoun@together-internal.iam.gserviceaccount.com",
            "member": "serviceAccount:impact-ci-ci-cd-service-accoun@together-internal.iam.gserviceaccount.com",
            "project": "kiwibank-main",
            "role": "roles/artifactregistry.writer"
          },
          "sensitive_attributes": [],
          "private": "bnVsbA=="
        }
      ]
    },
    {
      "module": "module.google_iam_service_account",
      "mode": "managed",
      "type": "google_project_iam_member",
      "name": "sa_cloud_object_write",
      "provider": "provider[\"registry.terraform.io/hashicorp/google\"]",
      "instances": [
        {
          "schema_version": 0,
          "attributes": {
            "condition": [],
            "etag": "BwZOdjPjv1Q=",
            "id": "kiwibank-main/roles/composer.environmentAndStorageObjectViewer/serviceAccount:impact-ci-ci-cd-service-accoun@together-internal.iam.gserviceaccount.com",
            "member": "serviceAccount:impact-ci-ci-cd-service-accoun@together-internal.iam.gserviceaccount.com",
            "project": "kiwibank-main",
            "role": "roles/composer.environmentAndStorageObjectViewer"
          },
          "sensitive_attributes": [],
          "private": "bnVsbA=="
        }
      ]
    },
    {
      "module": "module.google_iam_service_account",
      "mode": "managed",
      "type": "google_project_iam_member",
      "name": "sa_object_admin",
      "provider": "provider[\"registry.terraform.io/hashicorp/google\"]",
      "instances": [
        {
          "schema_version": 0,
          "attributes": {
            "condition": [],
            "etag": "BwZOdjPjv1Q=",
            "id": "kiwibank-main/roles/storage.objectAdmin/serviceAccount:impact-ci-ci-cd-service-accoun@together-internal.iam.gserviceaccount.com",
            "member": "serviceAccount:impact-ci-ci-cd-service-accoun@together-internal.iam.gserviceaccount.com",
            "project": "kiwibank-main",
            "role": "roles/storage.objectAdmin"
          },
          "sensitive_attributes": [],
          "private": "bnVsbA=="
        }
      ]
    }
  ],
  "check_results": null
}
